# This file is automatically @generated by Poetry 2.1.1 and should not be changed by hand.

[[package]]
name = "asyncpg"
version = "0.27.0"
description = "An asyncio PostgreSQL driver"
optional = false
python-versions = ">=3.7.0"
groups = ["main"]
files = [
    {file = "asyncpg-0.27.0-cp310-cp310-macosx_10_9_x86_64.whl", hash = "sha256:fca608d199ffed4903dce1bcd97ad0fe8260f405c1c225bdf0002709132171c2"},
    {file = "asyncpg-0.27.0-cp310-cp310-macosx_11_0_arm64.whl", hash = "sha256:20b596d8d074f6f695c13ffb8646d0b6bb1ab570ba7b0cfd349b921ff03cfc1e"},
    {file = "asyncpg-0.27.0-cp310-cp310-manylinux_2_17_aarch64.manylinux2014_aarch64.manylinux_2_28_aarch64.whl", hash = "sha256:7a6206210c869ebd3f4eb9e89bea132aefb56ff3d1b7dd7e26b102b17e27bbb1"},
    {file = "asyncpg-0.27.0-cp310-cp310-manylinux_2_17_x86_64.manylinux2014_x86_64.manylinux_2_28_x86_64.whl", hash = "sha256:a7a94c03386bb95456b12c66026b3a87d1b965f0f1e5733c36e7229f8f137747"},
    {file = "asyncpg-0.27.0-cp310-cp310-musllinux_1_1_aarch64.whl", hash = "sha256:bfc3980b4ba6f97138b04f0d32e8af21d6c9fa1f8e6e140c07d15690a0a99279"},
    {file = "asyncpg-0.27.0-cp310-cp310-musllinux_1_1_x86_64.whl", hash = "sha256:9654085f2b22f66952124de13a8071b54453ff972c25c59b5ce1173a4283ffd9"},
    {file = "asyncpg-0.27.0-cp310-cp310-win32.whl", hash = "sha256:879c29a75969eb2722f94443752f4720d560d1e748474de54ae8dd230bc4956b"},
    {file = "asyncpg-0.27.0-cp310-cp310-win_amd64.whl", hash = "sha256:ab0f21c4818d46a60ca789ebc92327d6d874d3b7ccff3963f7af0a21dc6cff52"},
    {file = "asyncpg-0.27.0-cp311-cp311-macosx_10_9_x86_64.whl", hash = "sha256:18f77e8e71e826ba2d0c3ba6764930776719ae2b225ca07e014590545928b576"},
    {file = "asyncpg-0.27.0-cp311-cp311-macosx_11_0_arm64.whl", hash = "sha256:c2232d4625c558f2aa001942cac1d7952aa9f0dbfc212f63bc754277769e1ef2"},
    {file = "asyncpg-0.27.0-cp311-cp311-manylinux_2_17_aarch64.manylinux2014_aarch64.manylinux_2_28_aarch64.whl", hash = "sha256:9a3a4ff43702d39e3c97a8786314123d314e0f0e4dabc8367db5b665c93914de"},
    {file = "asyncpg-0.27.0-cp311-cp311-manylinux_2_17_x86_64.manylinux2014_x86_64.manylinux_2_28_x86_64.whl", hash = "sha256:ccddb9419ab4e1c48742457d0c0362dbdaeb9b28e6875115abfe319b29ee225d"},
    {file = "asyncpg-0.27.0-cp311-cp311-musllinux_1_1_aarch64.whl", hash = "sha256:768e0e7c2898d40b16d4ef7a0b44e8150db3dd8995b4652aa1fe2902e92c7df8"},
    {file = "asyncpg-0.27.0-cp311-cp311-musllinux_1_1_x86_64.whl", hash = "sha256:609054a1f47292a905582a1cfcca51a6f3f30ab9d822448693e66fdddde27920"},
    {file = "asyncpg-0.27.0-cp311-cp311-win32.whl", hash = "sha256:8113e17cfe236dc2277ec844ba9b3d5312f61bd2fdae6d3ed1c1cdd75f6cf2d8"},
    {file = "asyncpg-0.27.0-cp311-cp311-win_amd64.whl", hash = "sha256:bb71211414dd1eeb8d31ec529fe77cff04bf53efc783a5f6f0a32d84923f45cf"},
    {file = "asyncpg-0.27.0-cp37-cp37m-manylinux_2_17_aarch64.manylinux2014_aarch64.manylinux_2_28_aarch64.whl", hash = "sha256:4750f5cf49ed48a6e49c6e5aed390eee367694636c2dcfaf4a273ca832c5c43c"},
    {file = "asyncpg-0.27.0-cp37-cp37m-musllinux_1_1_aarch64.whl", hash = "sha256:eca01eb112a39d31cc4abb93a5aef2a81514c23f70956729f42fb83b11b3483f"},
    {file = "asyncpg-0.27.0-cp37-cp37m-musllinux_1_1_x86_64.whl", hash = "sha256:5710cb0937f696ce303f5eed6d272e3f057339bb4139378ccecafa9ee923a71c"},
    {file = "asyncpg-0.27.0-cp37-cp37m-win_amd64.whl", hash = "sha256:71cca80a056ebe19ec74b7117b09e650990c3ca535ac1c35234a96f65604192f"},
    {file = "asyncpg-0.27.0-cp38-cp38-macosx_11_0_arm64.whl", hash = "sha256:4bb366ae34af5b5cabc3ac6a5347dfb6013af38c68af8452f27968d49085ecc0"},
    {file = "asyncpg-0.27.0-cp38-cp38-manylinux_2_17_aarch64.manylinux2014_aarch64.manylinux_2_28_aarch64.whl", hash = "sha256:16ba8ec2e85d586b4a12bcd03e8d29e3d99e832764d6a1d0b8c27dbbe4a2569d"},
    {file = "asyncpg-0.27.0-cp38-cp38-manylinux_2_17_x86_64.manylinux2014_x86_64.manylinux_2_28_x86_64.whl", hash = "sha256:d20dea7b83651d93b1eb2f353511fe7fd554752844523f17ad30115d8b9c8cd6"},
    {file = "asyncpg-0.27.0-cp38-cp38-musllinux_1_1_aarch64.whl", hash = "sha256:e56ac8a8237ad4adec97c0cd4728596885f908053ab725e22900b5902e7f8e69"},
    {file = "asyncpg-0.27.0-cp38-cp38-musllinux_1_1_x86_64.whl", hash = "sha256:bf21ebf023ec67335258e0f3d3ad7b91bb9507985ba2b2206346de488267cad0"},
    {file = "asyncpg-0.27.0-cp38-cp38-win32.whl", hash = "sha256:69aa1b443a182b13a17ff926ed6627af2d98f62f2fe5890583270cc4073f63bf"},
    {file = "asyncpg-0.27.0-cp38-cp38-win_amd64.whl", hash = "sha256:62932f29cf2433988fcd799770ec64b374a3691e7902ecf85da14d5e0854d1ea"},
    {file = "asyncpg-0.27.0-cp39-cp39-macosx_10_9_x86_64.whl", hash = "sha256:fddcacf695581a8d856654bc4c8cfb73d5c9df26d5f55201722d3e6a699e9629"},
    {file = "asyncpg-0.27.0-cp39-cp39-macosx_11_0_arm64.whl", hash = "sha256:7d8585707ecc6661d07367d444bbaa846b4e095d84451340da8df55a3757e152"},
    {file = "asyncpg-0.27.0-cp39-cp39-manylinux_2_17_aarch64.manylinux2014_aarch64.manylinux_2_28_aarch64.whl", hash = "sha256:975a320baf7020339a67315284a4d3bf7460e664e484672bd3e71dbd881bc692"},
    {file = "asyncpg-0.27.0-cp39-cp39-manylinux_2_17_x86_64.manylinux2014_x86_64.manylinux_2_28_x86_64.whl", hash = "sha256:2232ebae9796d4600a7819fc383da78ab51b32a092795f4555575fc934c1c89d"},
    {file = "asyncpg-0.27.0-cp39-cp39-musllinux_1_1_aarch64.whl", hash = "sha256:88b62164738239f62f4af92567b846a8ef7cf8abf53eddd83650603de4d52163"},
    {file = "asyncpg-0.27.0-cp39-cp39-musllinux_1_1_x86_64.whl", hash = "sha256:eb4b2fdf88af4fb1cc569781a8f933d2a73ee82cd720e0cb4edabbaecf2a905b"},
    {file = "asyncpg-0.27.0-cp39-cp39-win32.whl", hash = "sha256:8934577e1ed13f7d2d9cea3cc016cc6f95c19faedea2c2b56a6f94f257cea672"},
    {file = "asyncpg-0.27.0-cp39-cp39-win_amd64.whl", hash = "sha256:1b6499de06fe035cf2fa932ec5617ed3f37d4ebbf663b655922e105a484a6af9"},
    {file = "asyncpg-0.27.0.tar.gz", hash = "sha256:720986d9a4705dd8a40fdf172036f5ae787225036a7eb46e704c45aa8f62c054"},
]

[package.extras]
dev = ["Cython (>=0.29.24,<0.30.0)", "Sphinx (>=4.1.2,<4.2.0)", "flake8 (>=5.0.4,<5.1.0)", "pytest (>=6.0)", "sphinx-rtd-theme (>=0.5.2,<0.6.0)", "sphinxcontrib-asyncio (>=0.3.0,<0.4.0)", "uvloop (>=0.15.3) ; platform_system != \"Windows\""]
docs = ["Sphinx (>=4.1.2,<4.2.0)", "sphinx-rtd-theme (>=0.5.2,<0.6.0)", "sphinxcontrib-asyncio (>=0.3.0,<0.4.0)"]
test = ["flake8 (>=5.0.4,<5.1.0)", "uvloop (>=0.15.3) ; platform_system != \"Windows\""]

[[package]]
name = "click"
version = "7.1.2"
description = "Composable command line interface toolkit"
optional = false
python-versions = ">=2.7, !=3.0.*, !=3.1.*, !=3.2.*, !=3.3.*, !=3.4.*"
groups = ["main"]
files = [
    {file = "click-7.1.2-py2.py3-none-any.whl", hash = "sha256:dacca89f4bfadd5de3d7489b7c8a566eee0d3676333fbb50030263894c38c0dc"},
    {file = "click-7.1.2.tar.gz", hash = "sha256:d2b5255c7c6349bc1bd1e59e08cd12acbbd63ce649f2588755783aa94dfb6b1a"},
]

[[package]]
name = "cython"
version = "0.29.37"
description = "The Cython compiler for writing C extensions for the Python language."
optional = false
python-versions = ">=2.6, !=3.0.*, !=3.1.*, !=3.2.*"
groups = ["main"]
files = [
    {file = "Cython-0.29.37-cp27-cp27m-manylinux_2_5_i686.manylinux1_i686.whl", hash = "sha256:f2d621fe4cb50007446742134a890500b34e3f50abaf7993baaca02634af7e15"},
    {file = "Cython-0.29.37-cp27-cp27m-manylinux_2_5_x86_64.manylinux1_x86_64.whl", hash = "sha256:d94caf90ae9cb56116ca6d54cdcbccd3c4df6b0cb7233922b2233ee7fe81d05b"},
    {file = "Cython-0.29.37-cp27-cp27mu-manylinux_2_5_i686.manylinux1_i686.whl", hash = "sha256:852cd4378cbc9ade02f53709107ff9fdad55019a3a636e8a27663ba6cfce10b6"},
    {file = "Cython-0.29.37-cp27-cp27mu-manylinux_2_5_x86_64.manylinux1_x86_64.whl", hash = "sha256:bbce388431a2608a81c8ab13cb14c50611473843ca766031b8b24bb1723faf79"},
    {file = "Cython-0.29.37-cp310-cp310-manylinux_2_17_aarch64.manylinux2014_aarch64.manylinux_2_24_aarch64.whl", hash = "sha256:4658499a41255431f6bbdca7e634e9c8d3a4c190bf24b4aa1646dac751d3da4d"},
    {file = "Cython-0.29.37-cp310-cp310-manylinux_2_17_x86_64.manylinux2014_x86_64.manylinux_2_24_x86_64.whl", hash = "sha256:12192ab269e7185720f2d2f8894587bf1da4276db1b9b869e4622a093f18cae6"},
    {file = "Cython-0.29.37-cp310-cp310-manylinux_2_5_i686.manylinux1_i686.manylinux_2_24_i686.whl", hash = "sha256:9450e0766ab65947f8a2a36f9e59079fc879c3807ec936c61725a48c97741a52"},
    {file = "Cython-0.29.37-cp310-cp310-musllinux_1_1_x86_64.whl", hash = "sha256:177481b0a7e003e5c49e2bf0dda1d6fe610c239f17642a5da9f18c2ad0c5f6b6"},
    {file = "Cython-0.29.37-cp311-cp311-manylinux_2_17_aarch64.manylinux2014_aarch64.manylinux_2_24_aarch64.whl", hash = "sha256:b048354fd380278f2fa096e7526973beb6e0491a9d44d7e4e29df52612d25776"},
    {file = "Cython-0.29.37-cp311-cp311-manylinux_2_17_x86_64.manylinux2014_x86_64.manylinux_2_24_x86_64.whl", hash = "sha256:ea6d208be1906c5df25b674777d5905c6d8e9ef0b201b830849e0729ba08caba"},
    {file = "Cython-0.29.37-cp311-cp311-manylinux_2_5_i686.manylinux1_i686.manylinux_2_24_i686.whl", hash = "sha256:af03854571738307a5f30cc6b724081d72db12f907699e7fdfc04c12c839158e"},
    {file = "Cython-0.29.37-cp311-cp311-musllinux_1_1_x86_64.whl", hash = "sha256:c33508ede9172a6f6f99d5a6dadc7fee23c840423b411ef8b5a403c04e530297"},
    {file = "Cython-0.29.37-cp312-cp312-manylinux_2_17_x86_64.manylinux2014_x86_64.manylinux_2_28_x86_64.whl", hash = "sha256:e8af5975ecfae254d8c0051204fca995dda8f93cf9f0bbf7571e3cda2b0cef4d"},
    {file = "Cython-0.29.37-cp312-cp312-musllinux_1_1_x86_64.whl", hash = "sha256:29415d8eb2fdc1ea518ca4810c50a2d062b387d4c9fbcfb3352346e93db22c6d"},
    {file = "Cython-0.29.37-cp35-cp35m-manylinux_2_5_i686.manylinux1_i686.whl", hash = "sha256:fe0eaf6b1e9ee97c5ee7bfc943f00e36cf59d929db16886cb018352bff8208da"},
    {file = "Cython-0.29.37-cp35-cp35m-manylinux_2_5_x86_64.manylinux1_x86_64.whl", hash = "sha256:cc1b9ce2b73b9ee8c305e06173b35c7c202d4b82d084a0cd73dcedfd6d310aec"},
    {file = "Cython-0.29.37-cp36-cp36m-manylinux_2_17_aarch64.manylinux2014_aarch64.manylinux_2_24_aarch64.whl", hash = "sha256:2618af0b8df26d32ee4e8858d4ad8167546596762620aeade84954ae37194a0e"},
    {file = "Cython-0.29.37-cp36-cp36m-manylinux_2_17_x86_64.manylinux2014_x86_64.manylinux_2_24_x86_64.whl", hash = "sha256:ac910a28a2fd3d280faf3077b6fe63b97a4b93994ff05647581846f0e4b2f8d1"},
    {file = "Cython-0.29.37-cp36-cp36m-manylinux_2_5_i686.manylinux1_i686.manylinux_2_24_i686.whl", hash = "sha256:8bf38373773f967cfd793997a6fb96cf972d41a9fce987ace5767349d6f15572"},
    {file = "Cython-0.29.37-cp36-cp36m-manylinux_2_5_i686.manylinux1_i686.whl", hash = "sha256:6cddb567dadb3aa3e280a8a35e5126030915ea744c2812206e9c194b8881475d"},
    {file = "Cython-0.29.37-cp36-cp36m-manylinux_2_5_x86_64.manylinux1_x86_64.whl", hash = "sha256:79ecfc48694e156402c05561e0adb0e25a6e9d35ac0b41693733a08219d38c58"},
    {file = "Cython-0.29.37-cp36-cp36m-musllinux_1_1_x86_64.whl", hash = "sha256:9a455347e20ddfad0c5dfee32a3e855ee96811269e5fd86be622ddc4cb326404"},
    {file = "Cython-0.29.37-cp37-cp37m-manylinux_2_17_aarch64.manylinux2014_aarch64.manylinux_2_24_aarch64.whl", hash = "sha256:fa5b6a0f69bf1823c9fd038fa77a2568b78fda2de045a95b48a71dee4d0d578f"},
    {file = "Cython-0.29.37-cp37-cp37m-manylinux_2_17_x86_64.manylinux2014_x86_64.manylinux_2_24_x86_64.whl", hash = "sha256:a6164a05440dcd9daa760c6488bc91bdac1380c7b4b3aca38cf307ba66042d54"},
    {file = "Cython-0.29.37-cp37-cp37m-manylinux_2_5_i686.manylinux1_i686.manylinux_2_24_i686.whl", hash = "sha256:562f8f911dbd6f1a1b9be8f6cba097125700355688f613994ccd4406f220557a"},
    {file = "Cython-0.29.37-cp37-cp37m-manylinux_2_5_i686.manylinux1_i686.whl", hash = "sha256:8c39c2f5a0fe29bb01de9b1fb449bf65bed6f192317c677f181732791c63fe28"},
    {file = "Cython-0.29.37-cp37-cp37m-manylinux_2_5_x86_64.manylinux1_x86_64.whl", hash = "sha256:0a0a6d5972bb3b8c7363cf19a42a988bb0c0bb5ebd9c736c84eca85113ccfdbe"},
    {file = "Cython-0.29.37-cp37-cp37m-musllinux_1_1_x86_64.whl", hash = "sha256:b82584836e9e7c0d6effee976595e5cd7fa88dbef3e96e900187983c1d4637d1"},
    {file = "Cython-0.29.37-cp38-cp38-manylinux_2_17_aarch64.manylinux2014_aarch64.manylinux_2_24_aarch64.whl", hash = "sha256:b6c48f1032b379135a5b4a31976d6c468e02490688acf9254c6c8ed27bd4cbd4"},
    {file = "Cython-0.29.37-cp38-cp38-manylinux_2_17_x86_64.manylinux2014_x86_64.manylinux_2_24_x86_64.whl", hash = "sha256:3f87bef1808d255cf13be378c7ad27ae7c6db6df7732217d32428d1daf4109be"},
    {file = "Cython-0.29.37-cp38-cp38-manylinux_2_5_i686.manylinux1_i686.manylinux_2_24_i686.whl", hash = "sha256:9e68bafeeb97d5a403fb1f7700bd4a55a1f8989824c323ae02ae8a4fcd88f6a1"},
    {file = "Cython-0.29.37-cp38-cp38-manylinux_2_5_i686.manylinux1_i686.whl", hash = "sha256:e14cd44c830e53cf9d7269c87a6bcc638bb065ec07e24990e338162c7001d3c3"},
    {file = "Cython-0.29.37-cp38-cp38-manylinux_2_5_x86_64.manylinux1_x86_64.whl", hash = "sha256:0544f7a3e4437b89b356baa15387494c18214e03f2ffaddada5a2c71c3dfd24b"},
    {file = "Cython-0.29.37-cp38-cp38-musllinux_1_1_x86_64.whl", hash = "sha256:2de3e729d25f041036e81e2f15683dd129f977dfb5b06267e30e8d7acec43225"},
    {file = "Cython-0.29.37-cp39-cp39-manylinux_2_17_aarch64.manylinux2014_aarch64.manylinux_2_24_aarch64.whl", hash = "sha256:2ad634dc77a6a74022881826099eccac19c9b79153942cc82e754ffac2bec116"},
    {file = "Cython-0.29.37-cp39-cp39-manylinux_2_17_x86_64.manylinux2014_x86_64.manylinux_2_24_x86_64.whl", hash = "sha256:e841a8b4f9ceefb2916e32dac4f28a895cd519e8ece71505144da1ee355c548a"},
    {file = "Cython-0.29.37-cp39-cp39-manylinux_2_5_i686.manylinux1_i686.manylinux_2_24_i686.whl", hash = "sha256:6c672089fba6a8f6690b8d7924a58c04477771401ad101d53171a13405ee12cb"},
    {file = "Cython-0.29.37-cp39-cp39-manylinux_2_5_i686.manylinux1_i686.whl", hash = "sha256:0301d4739c6894e012f1d410052082fdda9e63888c815d9e23e0f7f82fff7d79"},
    {file = "Cython-0.29.37-cp39-cp39-manylinux_2_5_x86_64.manylinux1_x86_64.whl", hash = "sha256:af8e7b4397620e2d18259a11f3bfa026eff9846657e397d02616962dd5dd035a"},
    {file = "Cython-0.29.37-cp39-cp39-musllinux_1_1_x86_64.whl", hash = "sha256:b225d5e2091c224d4ab328165fef224ba3919b3ed44bd9b3241416f523b4d51a"},
    {file = "Cython-0.29.37-py2.py3-none-any.whl", hash = "sha256:95f1d6a83ef2729e67b3fa7318c829ce5b07ac64c084cd6af11c228e0364662c"},
    {file = "Cython-0.29.37.tar.gz", hash = "sha256:f813d4a6dd94adee5d4ff266191d1d95bf6d4164a4facc535422c021b2504cfb"},
]

[[package]]
name = "greenlet"
version = "3.0.3"
description = "Lightweight in-process concurrent programming"
optional = false
python-versions = ">=3.7"
groups = ["main"]
markers = "platform_machine == \"aarch64\" or platform_machine == \"ppc64le\" or platform_machine == \"x86_64\" or platform_machine == \"amd64\" or platform_machine == \"AMD64\" or platform_machine == \"win32\" or platform_machine == \"WIN32\""
files = [
    {file = "greenlet-3.0.3-cp310-cp310-macosx_11_0_universal2.whl", hash = "sha256:9da2bd29ed9e4f15955dd1595ad7bc9320308a3b766ef7f837e23ad4b4aac31a"},
    {file = "greenlet-3.0.3-cp310-cp310-manylinux_2_17_aarch64.manylinux2014_aarch64.whl", hash = "sha256:d353cadd6083fdb056bb46ed07e4340b0869c305c8ca54ef9da3421acbdf6881"},
    {file = "greenlet-3.0.3-cp310-cp310-manylinux_2_17_ppc64le.manylinux2014_ppc64le.whl", hash = "sha256:dca1e2f3ca00b84a396bc1bce13dd21f680f035314d2379c4160c98153b2059b"},
    {file = "greenlet-3.0.3-cp310-cp310-manylinux_2_17_s390x.manylinux2014_s390x.whl", hash = "sha256:3ed7fb269f15dc662787f4119ec300ad0702fa1b19d2135a37c2c4de6fadfd4a"},
    {file = "greenlet-3.0.3-cp310-cp310-manylinux_2_17_x86_64.manylinux2014_x86_64.whl", hash = "sha256:dd4f49ae60e10adbc94b45c0b5e6a179acc1736cf7a90160b404076ee283cf83"},
    {file = "greenlet-3.0.3-cp310-cp310-manylinux_2_24_x86_64.manylinux_2_28_x86_64.whl", hash = "sha256:73a411ef564e0e097dbe7e866bb2dda0f027e072b04da387282b02c308807405"},
    {file = "greenlet-3.0.3-cp310-cp310-musllinux_1_1_aarch64.whl", hash = "sha256:7f362975f2d179f9e26928c5b517524e89dd48530a0202570d55ad6ca5d8a56f"},
    {file = "greenlet-3.0.3-cp310-cp310-musllinux_1_1_x86_64.whl", hash = "sha256:649dde7de1a5eceb258f9cb00bdf50e978c9db1b996964cd80703614c86495eb"},
    {file = "greenlet-3.0.3-cp310-cp310-win_amd64.whl", hash = "sha256:68834da854554926fbedd38c76e60c4a2e3198c6fbed520b106a8986445caaf9"},
    {file = "greenlet-3.0.3-cp311-cp311-macosx_11_0_universal2.whl", hash = "sha256:b1b5667cced97081bf57b8fa1d6bfca67814b0afd38208d52538316e9422fc61"},
    {file = "greenlet-3.0.3-cp311-cp311-manylinux_2_17_aarch64.manylinux2014_aarch64.whl", hash = "sha256:52f59dd9c96ad2fc0d5724107444f76eb20aaccb675bf825df6435acb7703559"},
    {file = "greenlet-3.0.3-cp311-cp311-manylinux_2_17_ppc64le.manylinux2014_ppc64le.whl", hash = "sha256:afaff6cf5200befd5cec055b07d1c0a5a06c040fe5ad148abcd11ba6ab9b114e"},
    {file = "greenlet-3.0.3-cp311-cp311-manylinux_2_17_s390x.manylinux2014_s390x.whl", hash = "sha256:fe754d231288e1e64323cfad462fcee8f0288654c10bdf4f603a39ed923bef33"},
    {file = "greenlet-3.0.3-cp311-cp311-manylinux_2_17_x86_64.manylinux2014_x86_64.whl", hash = "sha256:2797aa5aedac23af156bbb5a6aa2cd3427ada2972c828244eb7d1b9255846379"},
    {file = "greenlet-3.0.3-cp311-cp311-manylinux_2_24_x86_64.manylinux_2_28_x86_64.whl", hash = "sha256:b7f009caad047246ed379e1c4dbcb8b020f0a390667ea74d2387be2998f58a22"},
    {file = "greenlet-3.0.3-cp311-cp311-musllinux_1_1_aarch64.whl", hash = "sha256:c5e1536de2aad7bf62e27baf79225d0d64360d4168cf2e6becb91baf1ed074f3"},
    {file = "greenlet-3.0.3-cp311-cp311-musllinux_1_1_x86_64.whl", hash = "sha256:894393ce10ceac937e56ec00bb71c4c2f8209ad516e96033e4b3b1de270e200d"},
    {file = "greenlet-3.0.3-cp311-cp311-win_amd64.whl", hash = "sha256:1ea188d4f49089fc6fb283845ab18a2518d279c7cd9da1065d7a84e991748728"},
    {file = "greenlet-3.0.3-cp312-cp312-macosx_11_0_universal2.whl", hash = "sha256:70fb482fdf2c707765ab5f0b6655e9cfcf3780d8d87355a063547b41177599be"},
    {file = "greenlet-3.0.3-cp312-cp312-manylinux_2_17_aarch64.manylinux2014_aarch64.whl", hash = "sha256:d4d1ac74f5c0c0524e4a24335350edad7e5f03b9532da7ea4d3c54d527784f2e"},
    {file = "greenlet-3.0.3-cp312-cp312-manylinux_2_17_ppc64le.manylinux2014_ppc64le.whl", hash = "sha256:149e94a2dd82d19838fe4b2259f1b6b9957d5ba1b25640d2380bea9c5df37676"},
    {file = "greenlet-3.0.3-cp312-cp312-manylinux_2_17_s390x.manylinux2014_s390x.whl", hash = "sha256:15d79dd26056573940fcb8c7413d84118086f2ec1a8acdfa854631084393efcc"},
    {file = "greenlet-3.0.3-cp312-cp312-manylinux_2_17_x86_64.manylinux2014_x86_64.whl", hash = "sha256:881b7db1ebff4ba09aaaeae6aa491daeb226c8150fc20e836ad00041bcb11230"},
    {file = "greenlet-3.0.3-cp312-cp312-manylinux_2_24_x86_64.manylinux_2_28_x86_64.whl", hash = "sha256:fcd2469d6a2cf298f198f0487e0a5b1a47a42ca0fa4dfd1b6862c999f018ebbf"},
    {file = "greenlet-3.0.3-cp312-cp312-musllinux_1_1_aarch64.whl", hash = "sha256:1f672519db1796ca0d8753f9e78ec02355e862d0998193038c7073045899f305"},
    {file = "greenlet-3.0.3-cp312-cp312-musllinux_1_1_x86_64.whl", hash = "sha256:2516a9957eed41dd8f1ec0c604f1cdc86758b587d964668b5b196a9db5bfcde6"},
    {file = "greenlet-3.0.3-cp312-cp312-win_amd64.whl", hash = "sha256:bba5387a6975598857d86de9eac14210a49d554a77eb8261cc68b7d082f78ce2"},
    {file = "greenlet-3.0.3-cp37-cp37m-macosx_11_0_universal2.whl", hash = "sha256:5b51e85cb5ceda94e79d019ed36b35386e8c37d22f07d6a751cb659b180d5274"},
    {file = "greenlet-3.0.3-cp37-cp37m-manylinux_2_17_aarch64.manylinux2014_aarch64.whl", hash = "sha256:daf3cb43b7cf2ba96d614252ce1684c1bccee6b2183a01328c98d36fcd7d5cb0"},
    {file = "greenlet-3.0.3-cp37-cp37m-manylinux_2_17_ppc64le.manylinux2014_ppc64le.whl", hash = "sha256:99bf650dc5d69546e076f413a87481ee1d2d09aaaaaca058c9251b6d8c14783f"},
    {file = "greenlet-3.0.3-cp37-cp37m-manylinux_2_17_s390x.manylinux2014_s390x.whl", hash = "sha256:2dd6e660effd852586b6a8478a1d244b8dc90ab5b1321751d2ea15deb49ed414"},
    {file = "greenlet-3.0.3-cp37-cp37m-manylinux_2_17_x86_64.manylinux2014_x86_64.whl", hash = "sha256:e3391d1e16e2a5a1507d83e4a8b100f4ee626e8eca43cf2cadb543de69827c4c"},
    {file = "greenlet-3.0.3-cp37-cp37m-manylinux_2_24_x86_64.manylinux_2_28_x86_64.whl", hash = "sha256:e1f145462f1fa6e4a4ae3c0f782e580ce44d57c8f2c7aae1b6fa88c0b2efdb41"},
    {file = "greenlet-3.0.3-cp37-cp37m-musllinux_1_1_aarch64.whl", hash = "sha256:1a7191e42732df52cb5f39d3527217e7ab73cae2cb3694d241e18f53d84ea9a7"},
    {file = "greenlet-3.0.3-cp37-cp37m-musllinux_1_1_x86_64.whl", hash = "sha256:0448abc479fab28b00cb472d278828b3ccca164531daab4e970a0458786055d6"},
    {file = "greenlet-3.0.3-cp37-cp37m-win32.whl", hash = "sha256:b542be2440edc2d48547b5923c408cbe0fc94afb9f18741faa6ae970dbcb9b6d"},
    {file = "greenlet-3.0.3-cp37-cp37m-win_amd64.whl", hash = "sha256:01bc7ea167cf943b4c802068e178bbf70ae2e8c080467070d01bfa02f337ee67"},
    {file = "greenlet-3.0.3-cp38-cp38-macosx_11_0_universal2.whl", hash = "sha256:1996cb9306c8595335bb157d133daf5cf9f693ef413e7673cb07e3e5871379ca"},
    {file = "greenlet-3.0.3-cp38-cp38-manylinux_2_17_aarch64.manylinux2014_aarch64.whl", hash = "sha256:3ddc0f794e6ad661e321caa8d2f0a55ce01213c74722587256fb6566049a8b04"},
    {file = "greenlet-3.0.3-cp38-cp38-manylinux_2_17_ppc64le.manylinux2014_ppc64le.whl", hash = "sha256:c9db1c18f0eaad2f804728c67d6c610778456e3e1cc4ab4bbd5eeb8e6053c6fc"},
    {file = "greenlet-3.0.3-cp38-cp38-manylinux_2_17_s390x.manylinux2014_s390x.whl", hash = "sha256:7170375bcc99f1a2fbd9c306f5be8764eaf3ac6b5cb968862cad4c7057756506"},
    {file = "greenlet-3.0.3-cp38-cp38-manylinux_2_17_x86_64.manylinux2014_x86_64.whl", hash = "sha256:6b66c9c1e7ccabad3a7d037b2bcb740122a7b17a53734b7d72a344ce39882a1b"},
    {file = "greenlet-3.0.3-cp38-cp38-manylinux_2_24_x86_64.manylinux_2_28_x86_64.whl", hash = "sha256:098d86f528c855ead3479afe84b49242e174ed262456c342d70fc7f972bc13c4"},
    {file = "greenlet-3.0.3-cp38-cp38-musllinux_1_1_aarch64.whl", hash = "sha256:81bb9c6d52e8321f09c3d165b2a78c680506d9af285bfccbad9fb7ad5a5da3e5"},
    {file = "greenlet-3.0.3-cp38-cp38-musllinux_1_1_x86_64.whl", hash = "sha256:fd096eb7ffef17c456cfa587523c5f92321ae02427ff955bebe9e3c63bc9f0da"},
    {file = "greenlet-3.0.3-cp38-cp38-win32.whl", hash = "sha256:d46677c85c5ba00a9cb6f7a00b2bfa6f812192d2c9f7d9c4f6a55b60216712f3"},
    {file = "greenlet-3.0.3-cp38-cp38-win_amd64.whl", hash = "sha256:419b386f84949bf0e7c73e6032e3457b82a787c1ab4a0e43732898a761cc9dbf"},
    {file = "greenlet-3.0.3-cp39-cp39-macosx_11_0_universal2.whl", hash = "sha256:da70d4d51c8b306bb7a031d5cff6cc25ad253affe89b70352af5f1cb68e74b53"},
    {file = "greenlet-3.0.3-cp39-cp39-manylinux_2_17_aarch64.manylinux2014_aarch64.whl", hash = "sha256:086152f8fbc5955df88382e8a75984e2bb1c892ad2e3c80a2508954e52295257"},
    {file = "greenlet-3.0.3-cp39-cp39-manylinux_2_17_ppc64le.manylinux2014_ppc64le.whl", hash = "sha256:d73a9fe764d77f87f8ec26a0c85144d6a951a6c438dfe50487df5595c6373eac"},
    {file = "greenlet-3.0.3-cp39-cp39-manylinux_2_17_s390x.manylinux2014_s390x.whl", hash = "sha256:b7dcbe92cc99f08c8dd11f930de4d99ef756c3591a5377d1d9cd7dd5e896da71"},
    {file = "greenlet-3.0.3-cp39-cp39-manylinux_2_17_x86_64.manylinux2014_x86_64.whl", hash = "sha256:1551a8195c0d4a68fac7a4325efac0d541b48def35feb49d803674ac32582f61"},
    {file = "greenlet-3.0.3-cp39-cp39-manylinux_2_24_x86_64.manylinux_2_28_x86_64.whl", hash = "sha256:64d7675ad83578e3fc149b617a444fab8efdafc9385471f868eb5ff83e446b8b"},
    {file = "greenlet-3.0.3-cp39-cp39-musllinux_1_1_aarch64.whl", hash = "sha256:b37eef18ea55f2ffd8f00ff8fe7c8d3818abd3e25fb73fae2ca3b672e333a7a6"},
    {file = "greenlet-3.0.3-cp39-cp39-musllinux_1_1_x86_64.whl", hash = "sha256:77457465d89b8263bca14759d7c1684df840b6811b2499838cc5b040a8b5b113"},
    {file = "greenlet-3.0.3-cp39-cp39-win32.whl", hash = "sha256:57e8974f23e47dac22b83436bdcf23080ade568ce77df33159e019d161ce1d1e"},
    {file = "greenlet-3.0.3-cp39-cp39-win_amd64.whl", hash = "sha256:c5ee858cfe08f34712f548c3c363e807e7186f03ad7a5039ebadb29e8c6be067"},
    {file = "greenlet-3.0.3.tar.gz", hash = "sha256:43374442353259554ce33599da8b692d5aa96f8976d567d4badf263371fbe491"},
]

[package.extras]
docs = ["Sphinx", "furo"]
test = ["objgraph", "psutil"]

[[package]]
name = "numpy"
version = "1.23.4"
description = "NumPy is the fundamental package for array computing with Python."
optional = false
python-versions = ">=3.8"
groups = ["main"]
files = [
    {file = "numpy-1.23.4-cp310-cp310-macosx_10_9_x86_64.whl", hash = "sha256:95d79ada05005f6f4f337d3bb9de8a7774f259341c70bc88047a1f7b96a4bcb2"},
    {file = "numpy-1.23.4-cp310-cp310-macosx_11_0_arm64.whl", hash = "sha256:926db372bc4ac1edf81cfb6c59e2a881606b409ddc0d0920b988174b2e2a767f"},
    {file = "numpy-1.23.4-cp310-cp310-manylinux_2_17_aarch64.manylinux2014_aarch64.whl", hash = "sha256:c237129f0e732885c9a6076a537e974160482eab8f10db6292e92154d4c67d71"},
    {file = "numpy-1.23.4-cp310-cp310-manylinux_2_17_x86_64.manylinux2014_x86_64.whl", hash = "sha256:a8365b942f9c1a7d0f0dc974747d99dd0a0cdfc5949a33119caf05cb314682d3"},
    {file = "numpy-1.23.4-cp310-cp310-win32.whl", hash = "sha256:2341f4ab6dba0834b685cce16dad5f9b6606ea8a00e6da154f5dbded70fdc4dd"},
    {file = "numpy-1.23.4-cp310-cp310-win_amd64.whl", hash = "sha256:d331afac87c92373826af83d2b2b435f57b17a5c74e6268b79355b970626e329"},
    {file = "numpy-1.23.4-cp311-cp311-macosx_10_9_x86_64.whl", hash = "sha256:488a66cb667359534bc70028d653ba1cf307bae88eab5929cd707c761ff037db"},
    {file = "numpy-1.23.4-cp311-cp311-macosx_11_0_arm64.whl", hash = "sha256:ce03305dd694c4873b9429274fd41fc7eb4e0e4dea07e0af97a933b079a5814f"},
    {file = "numpy-1.23.4-cp311-cp311-manylinux_2_17_aarch64.manylinux2014_aarch64.whl", hash = "sha256:8981d9b5619569899666170c7c9748920f4a5005bf79c72c07d08c8a035757b0"},
    {file = "numpy-1.23.4-cp311-cp311-manylinux_2_17_x86_64.manylinux2014_x86_64.whl", hash = "sha256:7a70a7d3ce4c0e9284e92285cba91a4a3f5214d87ee0e95928f3614a256a1488"},
    {file = "numpy-1.23.4-cp311-cp311-win32.whl", hash = "sha256:5e13030f8793e9ee42f9c7d5777465a560eb78fa7e11b1c053427f2ccab90c79"},
    {file = "numpy-1.23.4-cp311-cp311-win_amd64.whl", hash = "sha256:7607b598217745cc40f751da38ffd03512d33ec06f3523fb0b5f82e09f6f676d"},
    {file = "numpy-1.23.4-cp38-cp38-macosx_10_9_x86_64.whl", hash = "sha256:7ab46e4e7ec63c8a5e6dbf5c1b9e1c92ba23a7ebecc86c336cb7bf3bd2fb10e5"},
    {file = "numpy-1.23.4-cp38-cp38-macosx_11_0_arm64.whl", hash = "sha256:a8aae2fb3180940011b4862b2dd3756616841c53db9734b27bb93813cd79fce6"},
    {file = "numpy-1.23.4-cp38-cp38-manylinux_2_17_aarch64.manylinux2014_aarch64.whl", hash = "sha256:8c053d7557a8f022ec823196d242464b6955a7e7e5015b719e76003f63f82d0f"},
    {file = "numpy-1.23.4-cp38-cp38-manylinux_2_17_x86_64.manylinux2014_x86_64.whl", hash = "sha256:a0882323e0ca4245eb0a3d0a74f88ce581cc33aedcfa396e415e5bba7bf05f68"},
    {file = "numpy-1.23.4-cp38-cp38-win32.whl", hash = "sha256:dada341ebb79619fe00a291185bba370c9803b1e1d7051610e01ed809ef3a4ba"},
    {file = "numpy-1.23.4-cp38-cp38-win_amd64.whl", hash = "sha256:0fe563fc8ed9dc4474cbf70742673fc4391d70f4363f917599a7fa99f042d5a8"},
    {file = "numpy-1.23.4-cp39-cp39-macosx_10_9_x86_64.whl", hash = "sha256:c67b833dbccefe97cdd3f52798d430b9d3430396af7cdb2a0c32954c3ef73894"},
    {file = "numpy-1.23.4-cp39-cp39-macosx_11_0_arm64.whl", hash = "sha256:f76025acc8e2114bb664294a07ede0727aa75d63a06d2fae96bf29a81747e4a7"},
    {file = "numpy-1.23.4-cp39-cp39-manylinux_2_17_aarch64.manylinux2014_aarch64.whl", hash = "sha256:12ac457b63ec8ded85d85c1e17d85efd3c2b0967ca39560b307a35a6703a4735"},
    {file = "numpy-1.23.4-cp39-cp39-manylinux_2_17_x86_64.manylinux2014_x86_64.whl", hash = "sha256:95de7dc7dc47a312f6feddd3da2500826defdccbc41608d0031276a24181a2c0"},
    {file = "numpy-1.23.4-cp39-cp39-win32.whl", hash = "sha256:f2f390aa4da44454db40a1f0201401f9036e8d578a25f01a6e237cea238337ef"},
    {file = "numpy-1.23.4-cp39-cp39-win_amd64.whl", hash = "sha256:f260da502d7441a45695199b4e7fd8ca87db659ba1c78f2bbf31f934fe76ae0e"},
    {file = "numpy-1.23.4-pp38-pypy38_pp73-macosx_10_9_x86_64.whl", hash = "sha256:61be02e3bf810b60ab74e81d6d0d36246dbfb644a462458bb53b595791251911"},
    {file = "numpy-1.23.4-pp38-pypy38_pp73-manylinux_2_17_x86_64.manylinux2014_x86_64.whl", hash = "sha256:296d17aed51161dbad3c67ed6d164e51fcd18dbcd5dd4f9d0a9c6055dce30810"},
    {file = "numpy-1.23.4-pp38-pypy38_pp73-win_amd64.whl", hash = "sha256:4d52914c88b4930dafb6c48ba5115a96cbab40f45740239d9f4159c4ba779962"},
    {file = "numpy-1.23.4.tar.gz", hash = "sha256:ed2cc92af0efad20198638c69bb0fc2870a58dabfba6eb722c933b48556c686c"},
]

[[package]]
name = "pytz"
version = "2020.5"
description = "World timezone definitions, modern and historical"
optional = false
python-versions = "*"
groups = ["main"]
files = [
    {file = "pytz-2020.5-py2.py3-none-any.whl", hash = "sha256:16962c5fb8db4a8f63a26646d8886e9d769b6c511543557bc84e9569fb9a9cb4"},
    {file = "pytz-2020.5.tar.gz", hash = "sha256:180befebb1927b16f6b57101720075a984c019ac16b1b7575673bea42c6c3da5"},
]

[[package]]
name = "sqlalchemy"
version = "1.4.51"
description = "Database Abstraction Library"
optional = false
python-versions = "!=3.0.*,!=3.1.*,!=3.2.*,!=3.3.*,!=3.4.*,!=3.5.*,>=2.7"
groups = ["main"]
files = [
    {file = "SQLAlchemy-1.4.51-cp310-cp310-macosx_11_0_x86_64.whl", hash = "sha256:1a09d5bd1a40d76ad90e5570530e082ddc000e1d92de495746f6257dc08f166b"},
    {file = "SQLAlchemy-1.4.51-cp310-cp310-manylinux_2_17_aarch64.manylinux2014_aarch64.whl", hash = "sha256:2be4e6294c53f2ec8ea36486b56390e3bcaa052bf3a9a47005687ccf376745d1"},
    {file = "SQLAlchemy-1.4.51-cp310-cp310-manylinux_2_5_x86_64.manylinux1_x86_64.manylinux_2_12_x86_64.manylinux2010_x86_64.manylinux_2_17_x86_64.manylinux2014_x86_64.whl", hash = "sha256:8ca484ca11c65e05639ffe80f20d45e6be81fbec7683d6c9a15cd421e6e8b340"},
    {file = "SQLAlchemy-1.4.51-cp310-cp310-manylinux_2_5_x86_64.manylinux1_x86_64.manylinux_2_12_x86_64.manylinux2010_x86_64.whl", hash = "sha256:0535d5b57d014d06ceeaeffd816bb3a6e2dddeb670222570b8c4953e2d2ea678"},
    {file = "SQLAlchemy-1.4.51-cp310-cp310-manylinux_2_5_x86_64.manylinux1_x86_64.manylinux_2_17_x86_64.manylinux2014_x86_64.whl", hash = "sha256:af55cc207865d641a57f7044e98b08b09220da3d1b13a46f26487cc2f898a072"},
    {file = "SQLAlchemy-1.4.51-cp310-cp310-win32.whl", hash = "sha256:7af40425ac535cbda129d9915edcaa002afe35d84609fd3b9d6a8c46732e02ee"},
    {file = "SQLAlchemy-1.4.51-cp310-cp310-win_amd64.whl", hash = "sha256:8d1d7d63e5d2f4e92a39ae1e897a5d551720179bb8d1254883e7113d3826d43c"},
    {file = "SQLAlchemy-1.4.51-cp311-cp311-macosx_10_9_universal2.whl", hash = "sha256:eaeeb2464019765bc4340214fca1143081d49972864773f3f1e95dba5c7edc7d"},
    {file = "SQLAlchemy-1.4.51-cp311-cp311-manylinux_2_17_aarch64.manylinux2014_aarch64.whl", hash = "sha256:7deeae5071930abb3669b5185abb6c33ddfd2398f87660fafdb9e6a5fb0f3f2f"},
    {file = "SQLAlchemy-1.4.51-cp311-cp311-manylinux_2_5_x86_64.manylinux1_x86_64.manylinux_2_17_x86_64.manylinux2014_x86_64.whl", hash = "sha256:0892e7ac8bc76da499ad3ee8de8da4d7905a3110b952e2a35a940dab1ffa550e"},
    {file = "SQLAlchemy-1.4.51-cp311-cp311-win32.whl", hash = "sha256:50e074aea505f4427151c286955ea025f51752fa42f9939749336672e0674c81"},
    {file = "SQLAlchemy-1.4.51-cp311-cp311-win_amd64.whl", hash = "sha256:3b0cd89a7bd03f57ae58263d0f828a072d1b440c8c2949f38f3b446148321171"},
    {file = "SQLAlchemy-1.4.51-cp312-cp312-macosx_10_9_universal2.whl", hash = "sha256:a33cb3f095e7d776ec76e79d92d83117438b6153510770fcd57b9c96f9ef623d"},
    {file = "SQLAlchemy-1.4.51-cp312-cp312-manylinux_2_17_aarch64.manylinux2014_aarch64.whl", hash = "sha256:6cacc0b2dd7d22a918a9642fc89840a5d3cee18a0e1fe41080b1141b23b10916"},
    {file = "SQLAlchemy-1.4.51-cp312-cp312-manylinux_2_5_x86_64.manylinux1_x86_64.manylinux_2_17_x86_64.manylinux2014_x86_64.whl", hash = "sha256:245c67c88e63f1523e9216cad6ba3107dea2d3ee19adc359597a628afcabfbcb"},
    {file = "SQLAlchemy-1.4.51-cp312-cp312-win32.whl", hash = "sha256:8e702e7489f39375601c7ea5a0bef207256828a2bc5986c65cb15cd0cf097a87"},
    {file = "SQLAlchemy-1.4.51-cp312-cp312-win_amd64.whl", hash = "sha256:0525c4905b4b52d8ccc3c203c9d7ab2a80329ffa077d4bacf31aefda7604dc65"},
    {file = "SQLAlchemy-1.4.51-cp36-cp36m-macosx_10_14_x86_64.whl", hash = "sha256:1980e6eb6c9be49ea8f89889989127daafc43f0b1b6843d71efab1514973cca0"},
    {file = "SQLAlchemy-1.4.51-cp36-cp36m-manylinux_2_17_aarch64.manylinux2014_aarch64.whl", hash = "sha256:3ec7a0ed9b32afdf337172678a4a0e6419775ba4e649b66f49415615fa47efbd"},
    {file = "SQLAlchemy-1.4.51-cp36-cp36m-manylinux_2_5_x86_64.manylinux1_x86_64.manylinux_2_12_x86_64.manylinux2010_x86_64.manylinux_2_17_x86_64.manylinux2014_x86_64.whl", hash = "sha256:352df882088a55293f621328ec33b6ffca936ad7f23013b22520542e1ab6ad1b"},
    {file = "SQLAlchemy-1.4.51-cp36-cp36m-manylinux_2_5_x86_64.manylinux1_x86_64.manylinux_2_12_x86_64.manylinux2010_x86_64.whl", hash = "sha256:86a22143a4001f53bf58027b044da1fb10d67b62a785fc1390b5c7f089d9838c"},
    {file = "SQLAlchemy-1.4.51-cp36-cp36m-manylinux_2_5_x86_64.manylinux1_x86_64.manylinux_2_17_x86_64.manylinux2014_x86_64.whl", hash = "sha256:c37bc677690fd33932182b85d37433845de612962ed080c3e4d92f758d1bd894"},
    {file = "SQLAlchemy-1.4.51-cp36-cp36m-win32.whl", hash = "sha256:d0a83afab5e062abffcdcbcc74f9d3ba37b2385294dd0927ad65fc6ebe04e054"},
    {file = "SQLAlchemy-1.4.51-cp36-cp36m-win_amd64.whl", hash = "sha256:a61184c7289146c8cff06b6b41807c6994c6d437278e72cf00ff7fe1c7a263d1"},
    {file = "SQLAlchemy-1.4.51-cp37-cp37m-macosx_11_0_x86_64.whl", hash = "sha256:3f0ef620ecbab46e81035cf3dedfb412a7da35340500ba470f9ce43a1e6c423b"},
    {file = "SQLAlchemy-1.4.51-cp37-cp37m-manylinux_2_17_aarch64.manylinux2014_aarch64.whl", hash = "sha256:2c55040d8ea65414de7c47f1a23823cd9f3fad0dc93e6b6b728fee81230f817b"},
    {file = "SQLAlchemy-1.4.51-cp37-cp37m-manylinux_2_5_x86_64.manylinux1_x86_64.manylinux_2_12_x86_64.manylinux2010_x86_64.manylinux_2_17_x86_64.manylinux2014_x86_64.whl", hash = "sha256:38ef80328e3fee2be0a1abe3fe9445d3a2e52a1282ba342d0dab6edf1fef4707"},
    {file = "SQLAlchemy-1.4.51-cp37-cp37m-manylinux_2_5_x86_64.manylinux1_x86_64.manylinux_2_12_x86_64.manylinux2010_x86_64.whl", hash = "sha256:f8cafa6f885a0ff5e39efa9325195217bb47d5929ab0051636610d24aef45ade"},
    {file = "SQLAlchemy-1.4.51-cp37-cp37m-manylinux_2_5_x86_64.manylinux1_x86_64.manylinux_2_17_x86_64.manylinux2014_x86_64.whl", hash = "sha256:e8f2df79a46e130235bc5e1bbef4de0583fb19d481eaa0bffa76e8347ea45ec6"},
    {file = "SQLAlchemy-1.4.51-cp37-cp37m-win32.whl", hash = "sha256:f2e5b6f5cf7c18df66d082604a1d9c7a2d18f7d1dbe9514a2afaccbb51cc4fc3"},
    {file = "SQLAlchemy-1.4.51-cp37-cp37m-win_amd64.whl", hash = "sha256:5e180fff133d21a800c4f050733d59340f40d42364fcb9d14f6a67764bdc48d2"},
    {file = "SQLAlchemy-1.4.51-cp38-cp38-macosx_11_0_x86_64.whl", hash = "sha256:7d8139ca0b9f93890ab899da678816518af74312bb8cd71fb721436a93a93298"},
    {file = "SQLAlchemy-1.4.51-cp38-cp38-manylinux_2_17_aarch64.manylinux2014_aarch64.whl", hash = "sha256:eb18549b770351b54e1ab5da37d22bc530b8bfe2ee31e22b9ebe650640d2ef12"},
    {file = "SQLAlchemy-1.4.51-cp38-cp38-manylinux_2_5_x86_64.manylinux1_x86_64.manylinux_2_12_x86_64.manylinux2010_x86_64.manylinux_2_17_x86_64.manylinux2014_x86_64.whl", hash = "sha256:55e699466106d09f028ab78d3c2e1f621b5ef2c8694598242259e4515715da7c"},
    {file = "SQLAlchemy-1.4.51-cp38-cp38-manylinux_2_5_x86_64.manylinux1_x86_64.manylinux_2_12_x86_64.manylinux2010_x86_64.whl", hash = "sha256:2ad16880ccd971ac8e570550fbdef1385e094b022d6fc85ef3ce7df400dddad3"},
    {file = "SQLAlchemy-1.4.51-cp38-cp38-manylinux_2_5_x86_64.manylinux1_x86_64.manylinux_2_17_x86_64.manylinux2014_x86_64.whl", hash = "sha256:b97fd5bb6b7c1a64b7ac0632f7ce389b8ab362e7bd5f60654c2a418496be5d7f"},
    {file = "SQLAlchemy-1.4.51-cp38-cp38-win32.whl", hash = "sha256:cecb66492440ae8592797dd705a0cbaa6abe0555f4fa6c5f40b078bd2740fc6b"},
    {file = "SQLAlchemy-1.4.51-cp38-cp38-win_amd64.whl", hash = "sha256:39b02b645632c5fe46b8dd30755682f629ffbb62ff317ecc14c998c21b2896ff"},
    {file = "SQLAlchemy-1.4.51-cp39-cp39-macosx_11_0_x86_64.whl", hash = "sha256:b03850c290c765b87102959ea53299dc9addf76ca08a06ea98383348ae205c99"},
    {file = "SQLAlchemy-1.4.51-cp39-cp39-manylinux_2_17_aarch64.manylinux2014_aarch64.whl", hash = "sha256:e646b19f47d655261b22df9976e572f588185279970efba3d45c377127d35349"},
    {file = "SQLAlchemy-1.4.51-cp39-cp39-manylinux_2_5_x86_64.manylinux1_x86_64.manylinux_2_12_x86_64.manylinux2010_x86_64.manylinux_2_17_x86_64.manylinux2014_x86_64.whl", hash = "sha256:d3cf56cc36d42908495760b223ca9c2c0f9f0002b4eddc994b24db5fcb86a9e4"},
    {file = "SQLAlchemy-1.4.51-cp39-cp39-manylinux_2_5_x86_64.manylinux1_x86_64.manylinux_2_12_x86_64.manylinux2010_x86_64.whl", hash = "sha256:0d661cff58c91726c601cc0ee626bf167b20cc4d7941c93c5f3ac28dc34ddbea"},
    {file = "SQLAlchemy-1.4.51-cp39-cp39-manylinux_2_5_x86_64.manylinux1_x86_64.manylinux_2_17_x86_64.manylinux2014_x86_64.whl", hash = "sha256:3823dda635988e6744d4417e13f2e2b5fe76c4bf29dd67e95f98717e1b094cad"},
    {file = "SQLAlchemy-1.4.51-cp39-cp39-win32.whl", hash = "sha256:b00cf0471888823b7a9f722c6c41eb6985cf34f077edcf62695ac4bed6ec01ee"},
    {file = "SQLAlchemy-1.4.51-cp39-cp39-win_amd64.whl", hash = "sha256:a055ba17f4675aadcda3005df2e28a86feb731fdcc865e1f6b4f209ed1225cba"},
    {file = "SQLAlchemy-1.4.51.tar.gz", hash = "sha256:e7908c2025eb18394e32d65dd02d2e37e17d733cdbe7d78231c2b6d7eb20cdb9"},
]

[package.dependencies]
greenlet = {version = "!=0.4.17", markers = "python_version >= \"3\" and (platform_machine == \"aarch64\" or platform_machine == \"ppc64le\" or platform_machine == \"x86_64\" or platform_machine == \"amd64\" or platform_machine == \"AMD64\" or platform_machine == \"win32\" or platform_machine == \"WIN32\")"}

[package.extras]
aiomysql = ["aiomysql (>=0.2.0) ; python_version >= \"3\"", "greenlet (!=0.4.17) ; python_version >= \"3\""]
aiosqlite = ["aiosqlite ; python_version >= \"3\"", "greenlet (!=0.4.17) ; python_version >= \"3\"", "typing_extensions (!=3.10.0.1)"]
asyncio = ["greenlet (!=0.4.17) ; python_version >= \"3\""]
asyncmy = ["asyncmy (>=0.2.3,!=0.2.4) ; python_version >= \"3\"", "greenlet (!=0.4.17) ; python_version >= \"3\""]
mariadb-connector = ["mariadb (>=1.0.1,!=1.1.2) ; python_version >= \"3\""]
mssql = ["pyodbc"]
mssql-pymssql = ["pymssql"]
mssql-pyodbc = ["pyodbc"]
mypy = ["mypy (>=0.910) ; python_version >= \"3\"", "sqlalchemy2-stubs"]
mysql = ["mysqlclient (>=1.4.0) ; python_version >= \"3\"", "mysqlclient (>=1.4.0,<2) ; python_version < \"3\""]
mysql-connector = ["mysql-connector-python"]
oracle = ["cx_oracle (>=7) ; python_version >= \"3\"", "cx_oracle (>=7,<8) ; python_version < \"3\""]
postgresql = ["psycopg2 (>=2.7)"]
postgresql-asyncpg = ["asyncpg ; python_version >= \"3\"", "greenlet (!=0.4.17) ; python_version >= \"3\""]
postgresql-pg8000 = ["pg8000 (>=1.16.6,!=1.29.0)"]
postgresql-psycopg2binary = ["psycopg2-binary"]
postgresql-psycopg2cffi = ["psycopg2cffi"]
pymysql = ["pymysql (<1) ; python_version < \"3\"", "pymysql ; python_version >= \"3\""]
sqlcipher = ["sqlcipher3_binary ; python_version >= \"3\""]

[[package]]
name = "typer"
version = "0.3.2"
description = "Typer, build great CLIs. Easy to code. Based on Python type hints."
optional = false
python-versions = ">=3.6"
groups = ["main"]
files = [
    {file = "typer-0.3.2-py3-none-any.whl", hash = "sha256:ba58b920ce851b12a2d790143009fa00ac1d05b3ff3257061ff69dbdfc3d161b"},
    {file = "typer-0.3.2.tar.gz", hash = "sha256:5455d750122cff96745b0dec87368f56d023725a7ebc9d2e54dd23dc86816303"},
]

[package.dependencies]
click = ">=7.1.1,<7.2.0"

[package.extras]
all = ["colorama (>=0.4.3,<0.5.0)", "shellingham (>=1.3.0,<2.0.0)"]
dev = ["autoflake (>=1.3.1,<2.0.0)", "flake8 (>=3.8.3,<4.0.0)"]
doc = ["markdown-include (>=0.5.1,<0.6.0)", "mkdocs (>=1.1.2,<2.0.0)", "mkdocs-material (>=5.4.0,<6.0.0)"]
test = ["black (>=19.10b0,<20.0b0)", "coverage (>=5.2,<6.0)", "isort (>=5.0.6,<6.0.0)", "mypy (==0.782)", "pytest (>=4.4.0,<5.4.0)", "pytest-cov (>=2.10.0,<3.0.0)", "pytest-sugar (>=0.9.4,<0.10.0)", "pytest-xdist (>=1.32.0,<2.0.0)", "shellingham (>=1.3.0,<2.0.0)"]

[metadata]
lock-version = "2.1"
python-versions = ">=3.9"
content-hash = "aa54e8079c562dea153e3cd2425be8fe5293119be7a41761d6b58f55e62921cd"
