# This file is automatically @generated by Poetry 2.1.1 and should not be changed by hand.

[[package]]
name = "asyncpg"
version = "0.27.0"
description = "An asyncio PostgreSQL driver"
optional = false
python-versions = ">=3.7.0"
groups = ["main"]
files = [
    {file = "asyncpg-0.27.0-cp310-cp310-macosx_10_9_x86_64.whl", hash = "sha256:fca608d199ffed4903dce1bcd97ad0fe8260f405c1c225bdf0002709132171c2"},
    {file = "asyncpg-0.27.0-cp310-cp310-macosx_11_0_arm64.whl", hash = "sha256:20b596d8d074f6f695c13ffb8646d0b6bb1ab570ba7b0cfd349b921ff03cfc1e"},
    {file = "asyncpg-0.27.0-cp310-cp310-manylinux_2_17_aarch64.manylinux2014_aarch64.manylinux_2_28_aarch64.whl", hash = "sha256:7a6206210c869ebd3f4eb9e89bea132aefb56ff3d1b7dd7e26b102b17e27bbb1"},
    {file = "asyncpg-0.27.0-cp310-cp310-manylinux_2_17_x86_64.manylinux2014_x86_64.manylinux_2_28_x86_64.whl", hash = "sha256:a7a94c03386bb95456b12c66026b3a87d1b965f0f1e5733c36e7229f8f137747"},
    {file = "asyncpg-0.27.0-cp310-cp310-musllinux_1_1_aarch64.whl", hash = "sha256:bfc3980b4ba6f97138b04f0d32e8af21d6c9fa1f8e6e140c07d15690a0a99279"},
    {file = "asyncpg-0.27.0-cp310-cp310-musllinux_1_1_x86_64.whl", hash = "sha256:9654085f2b22f66952124de13a8071b54453ff972c25c59b5ce1173a4283ffd9"},
    {file = "asyncpg-0.27.0-cp310-cp310-win32.whl", hash = "sha256:879c29a75969eb2722f94443752f4720d560d1e748474de54ae8dd230bc4956b"},
    {file = "asyncpg-0.27.0-cp310-cp310-win_amd64.whl", hash = "sha256:ab0f21c4818d46a60ca789ebc92327d6d874d3b7ccff3963f7af0a21dc6cff52"},
    {file = "asyncpg-0.27.0-cp311-cp311-macosx_10_9_x86_64.whl", hash = "sha256:18f77e8e71e826ba2d0c3ba6764930776719ae2b225ca07e014590545928b576"},
    {file = "asyncpg-0.27.0-cp311-cp311-macosx_11_0_arm64.whl", hash = "sha256:c2232d4625c558f2aa001942cac1d7952aa9f0dbfc212f63bc754277769e1ef2"},
    {file = "asyncpg-0.27.0-cp311-cp311-manylinux_2_17_aarch64.manylinux2014_aarch64.manylinux_2_28_aarch64.whl", hash = "sha256:9a3a4ff43702d39e3c97a8786314123d314e0f0e4dabc8367db5b665c93914de"},
    {file = "asyncpg-0.27.0-cp311-cp311-manylinux_2_17_x86_64.manylinux2014_x86_64.manylinux_2_28_x86_64.whl", hash = "sha256:ccddb9419ab4e1c48742457d0c0362dbdaeb9b28e6875115abfe319b29ee225d"},
    {file = "asyncpg-0.27.0-cp311-cp311-musllinux_1_1_aarch64.whl", hash = "sha256:768e0e7c2898d40b16d4ef7a0b44e8150db3dd8995b4652aa1fe2902e92c7df8"},
    {file = "asyncpg-0.27.0-cp311-cp311-musllinux_1_1_x86_64.whl", hash = "sha256:609054a1f47292a905582a1cfcca51a6f3f30ab9d822448693e66fdddde27920"},
    {file = "asyncpg-0.27.0-cp311-cp311-win32.whl", hash = "sha256:8113e17cfe236dc2277ec844ba9b3d5312f61bd2fdae6d3ed1c1cdd75f6cf2d8"},
    {file = "asyncpg-0.27.0-cp311-cp311-win_amd64.whl", hash = "sha256:bb71211414dd1eeb8d31ec529fe77cff04bf53efc783a5f6f0a32d84923f45cf"},
    {file = "asyncpg-0.27.0-cp37-cp37m-manylinux_2_17_aarch64.manylinux2014_aarch64.manylinux_2_28_aarch64.whl", hash = "sha256:4750f5cf49ed48a6e49c6e5aed390eee367694636c2dcfaf4a273ca832c5c43c"},
    {file = "asyncpg-0.27.0-cp37-cp37m-musllinux_1_1_aarch64.whl", hash = "sha256:eca01eb112a39d31cc4abb93a5aef2a81514c23f70956729f42fb83b11b3483f"},
    {file = "asyncpg-0.27.0-cp37-cp37m-musllinux_1_1_x86_64.whl", hash = "sha256:5710cb0937f696ce303f5eed6d272e3f057339bb4139378ccecafa9ee923a71c"},
    {file = "asyncpg-0.27.0-cp37-cp37m-win_amd64.whl", hash = "sha256:71cca80a056ebe19ec74b7117b09e650990c3ca535ac1c35234a96f65604192f"},
    {file = "asyncpg-0.27.0-cp38-cp38-macosx_11_0_arm64.whl", hash = "sha256:4bb366ae34af5b5cabc3ac6a5347dfb6013af38c68af8452f27968d49085ecc0"},
    {file = "asyncpg-0.27.0-cp38-cp38-manylinux_2_17_aarch64.manylinux2014_aarch64.manylinux_2_28_aarch64.whl", hash = "sha256:16ba8ec2e85d586b4a12bcd03e8d29e3d99e832764d6a1d0b8c27dbbe4a2569d"},
    {file = "asyncpg-0.27.0-cp38-cp38-manylinux_2_17_x86_64.manylinux2014_x86_64.manylinux_2_28_x86_64.whl", hash = "sha256:d20dea7b83651d93b1eb2f353511fe7fd554752844523f17ad30115d8b9c8cd6"},
    {file = "asyncpg-0.27.0-cp38-cp38-musllinux_1_1_aarch64.whl", hash = "sha256:e56ac8a8237ad4adec97c0cd4728596885f908053ab725e22900b5902e7f8e69"},
    {file = "asyncpg-0.27.0-cp38-cp38-musllinux_1_1_x86_64.whl", hash = "sha256:bf21ebf023ec67335258e0f3d3ad7b91bb9507985ba2b2206346de488267cad0"},
    {file = "asyncpg-0.27.0-cp38-cp38-win32.whl", hash = "sha256:69aa1b443a182b13a17ff926ed6627af2d98f62f2fe5890583270cc4073f63bf"},
    {file = "asyncpg-0.27.0-cp38-cp38-win_amd64.whl", hash = "sha256:62932f29cf2433988fcd799770ec64b374a3691e7902ecf85da14d5e0854d1ea"},
    {file = "asyncpg-0.27.0-cp39-cp39-macosx_10_9_x86_64.whl", hash = "sha256:fddcacf695581a8d856654bc4c8cfb73d5c9df26d5f55201722d3e6a699e9629"},
    {file = "asyncpg-0.27.0-cp39-cp39-macosx_11_0_arm64.whl", hash = "sha256:7d8585707ecc6661d07367d444bbaa846b4e095d84451340da8df55a3757e152"},
    {file = "asyncpg-0.27.0-cp39-cp39-manylinux_2_17_aarch64.manylinux2014_aarch64.manylinux_2_28_aarch64.whl", hash = "sha256:975a320baf7020339a67315284a4d3bf7460e664e484672bd3e71dbd881bc692"},
    {file = "asyncpg-0.27.0-cp39-cp39-manylinux_2_17_x86_64.manylinux2014_x86_64.manylinux_2_28_x86_64.whl", hash = "sha256:2232ebae9796d4600a7819fc383da78ab51b32a092795f4555575fc934c1c89d"},
    {file = "asyncpg-0.27.0-cp39-cp39-musllinux_1_1_aarch64.whl", hash = "sha256:88b62164738239f62f4af92567b846a8ef7cf8abf53eddd83650603de4d52163"},
    {file = "asyncpg-0.27.0-cp39-cp39-musllinux_1_1_x86_64.whl", hash = "sha256:eb4b2fdf88af4fb1cc569781a8f933d2a73ee82cd720e0cb4edabbaecf2a905b"},
    {file = "asyncpg-0.27.0-cp39-cp39-win32.whl", hash = "sha256:8934577e1ed13f7d2d9cea3cc016cc6f95c19faedea2c2b56a6f94f257cea672"},
    {file = "asyncpg-0.27.0-cp39-cp39-win_amd64.whl", hash = "sha256:1b6499de06fe035cf2fa932ec5617ed3f37d4ebbf663b655922e105a484a6af9"},
    {file = "asyncpg-0.27.0.tar.gz", hash = "sha256:720986d9a4705dd8a40fdf172036f5ae787225036a7eb46e704c45aa8f62c054"},
]

[package.extras]
dev = ["Cython (>=0.29.24,<0.30.0)", "Sphinx (>=4.1.2,<4.2.0)", "flake8 (>=5.0.4,<5.1.0)", "pytest (>=6.0)", "sphinx-rtd-theme (>=0.5.2,<0.6.0)", "sphinxcontrib-asyncio (>=0.3.0,<0.4.0)", "uvloop (>=0.15.3) ; platform_system != \"Windows\""]
docs = ["Sphinx (>=4.1.2,<4.2.0)", "sphinx-rtd-theme (>=0.5.2,<0.6.0)", "sphinxcontrib-asyncio (>=0.3.0,<0.4.0)"]
test = ["flake8 (>=5.0.4,<5.1.0)", "uvloop (>=0.15.3) ; platform_system != \"Windows\""]

[[package]]
name = "click"
version = "7.1.2"
description = "Composable command line interface toolkit"
optional = false
python-versions = ">=2.7, !=3.0.*, !=3.1.*, !=3.2.*, !=3.3.*, !=3.4.*"
groups = ["main"]
files = [
    {file = "click-7.1.2-py2.py3-none-any.whl", hash = "sha256:dacca89f4bfadd5de3d7489b7c8a566eee0d3676333fbb50030263894c38c0dc"},
    {file = "click-7.1.2.tar.gz", hash = "sha256:d2b5255c7c6349bc1bd1e59e08cd12acbbd63ce649f2588755783aa94dfb6b1a"},
]

[[package]]
name = "cython"
version = "3.0.12"
description = "The Cython compiler for writing C extensions in the Python language."
optional = false
python-versions = "!=3.0.*,!=3.1.*,!=3.2.*,!=3.3.*,>=2.7"
groups = ["main"]
files = [
    {file = "Cython-3.0.12-cp310-cp310-macosx_10_9_x86_64.whl", hash = "sha256:ba67eee9413b66dd9fbacd33f0bc2e028a2a120991d77b5fd4b19d0b1e4039b9"},
    {file = "Cython-3.0.12-cp310-cp310-manylinux_2_17_x86_64.manylinux2014_x86_64.whl", hash = "sha256:bee2717e5b5f7d966d0c6e27d2efe3698c357aa4d61bb3201997c7a4f9fe485a"},
    {file = "Cython-3.0.12-cp310-cp310-manylinux_2_5_i686.manylinux1_i686.manylinux_2_17_i686.manylinux2014_i686.whl", hash = "sha256:7cffc3464f641c8d0dda942c7c53015291beea11ec4d32421bed2f13b386b819"},
    {file = "Cython-3.0.12-cp310-cp310-musllinux_1_2_aarch64.whl", hash = "sha256:d3a8f81980ffbd74e52f9186d8f1654e347d0c44bfea6b5997028977f481a179"},
    {file = "Cython-3.0.12-cp310-cp310-musllinux_1_2_x86_64.whl", hash = "sha256:8d32856716c369d01f2385ad9177cdd1a11079ac89ea0932dc4882de1aa19174"},
    {file = "Cython-3.0.12-cp310-cp310-win32.whl", hash = "sha256:712c3f31adec140dc60d064a7f84741f50e2c25a8edd7ae746d5eb4d3ef7072a"},
    {file = "Cython-3.0.12-cp310-cp310-win_amd64.whl", hash = "sha256:d6945694c5b9170cfbd5f2c0d00ef7487a2de7aba83713a64ee4ebce7fad9e05"},
    {file = "Cython-3.0.12-cp311-cp311-macosx_10_9_x86_64.whl", hash = "sha256:feb86122a823937cc06e4c029d80ff69f082ebb0b959ab52a5af6cdd271c5dc3"},
    {file = "Cython-3.0.12-cp311-cp311-manylinux_2_17_aarch64.manylinux2014_aarch64.whl", hash = "sha256:dfdbea486e702c328338314adb8e80f5f9741f06a0ae83aaec7463bc166d12e8"},
    {file = "Cython-3.0.12-cp311-cp311-manylinux_2_17_x86_64.manylinux2014_x86_64.whl", hash = "sha256:563de1728c8e48869d2380a1b76bbc1b1b1d01aba948480d68c1d05e52d20c92"},
    {file = "Cython-3.0.12-cp311-cp311-manylinux_2_5_i686.manylinux1_i686.manylinux_2_17_i686.manylinux2014_i686.whl", hash = "sha256:398d4576c1e1f6316282aa0b4a55139254fbed965cba7813e6d9900d3092b128"},
    {file = "Cython-3.0.12-cp311-cp311-musllinux_1_2_aarch64.whl", hash = "sha256:1e5eadef80143026944ea8f9904715a008f5108d1d644a89f63094cc37351e73"},
    {file = "Cython-3.0.12-cp311-cp311-musllinux_1_2_x86_64.whl", hash = "sha256:5a93cbda00a5451175b97dea5a9440a3fcee9e54b4cba7a7dbcba9a764b22aec"},
    {file = "Cython-3.0.12-cp311-cp311-win32.whl", hash = "sha256:3109e1d44425a2639e9a677b66cd7711721a5b606b65867cb2d8ef7a97e2237b"},
    {file = "Cython-3.0.12-cp311-cp311-win_amd64.whl", hash = "sha256:d4b70fc339adba1e2111b074ee6119fe9fd6072c957d8597bce9a0dd1c3c6784"},
    {file = "Cython-3.0.12-cp312-cp312-macosx_10_9_x86_64.whl", hash = "sha256:fe030d4a00afb2844f5f70896b7f2a1a0d7da09bf3aa3d884cbe5f73fff5d310"},
    {file = "Cython-3.0.12-cp312-cp312-manylinux_2_17_aarch64.manylinux2014_aarch64.whl", hash = "sha256:a7fec4f052b8fe173fe70eae75091389955b9a23d5cec3d576d21c5913b49d47"},
    {file = "Cython-3.0.12-cp312-cp312-manylinux_2_17_x86_64.manylinux2014_x86_64.whl", hash = "sha256:0faa5e39e5c8cdf6f9c3b1c3f24972826e45911e7f5b99cf99453fca5432f45e"},
    {file = "Cython-3.0.12-cp312-cp312-manylinux_2_5_i686.manylinux1_i686.manylinux_2_17_i686.manylinux2014_i686.whl", hash = "sha256:2d53de996ed340e9ab0fc85a88aaa8932f2591a2746e1ab1c06e262bd4ec4be7"},
    {file = "Cython-3.0.12-cp312-cp312-musllinux_1_2_aarch64.whl", hash = "sha256:ea3a0e19ab77266c738aa110684a753a04da4e709472cadeff487133354d6ab8"},
    {file = "Cython-3.0.12-cp312-cp312-musllinux_1_2_x86_64.whl", hash = "sha256:c151082884be468f2f405645858a857298ac7f7592729e5b54788b5c572717ba"},
    {file = "Cython-3.0.12-cp312-cp312-win32.whl", hash = "sha256:3083465749911ac3b2ce001b6bf17f404ac9dd35d8b08469d19dc7e717f5877a"},
    {file = "Cython-3.0.12-cp312-cp312-win_amd64.whl", hash = "sha256:c0b91c7ebace030dd558ea28730de8c580680b50768e5af66db2904a3716c3e3"},
    {file = "Cython-3.0.12-cp313-cp313-macosx_10_13_x86_64.whl", hash = "sha256:4ee6f1ea1bead8e6cbc4e64571505b5d8dbdb3b58e679d31f3a84160cebf1a1a"},
    {file = "Cython-3.0.12-cp313-cp313-manylinux_2_17_aarch64.manylinux2014_aarch64.whl", hash = "sha256:57aefa6d3341109e46ec1a13e3a763aaa2cbeb14e82af2485b318194be1d9170"},
    {file = "Cython-3.0.12-cp313-cp313-manylinux_2_17_x86_64.manylinux2014_x86_64.whl", hash = "sha256:879ae9023958d63c0675015369384642d0afb9c9d1f3473df9186c42f7a9d265"},
    {file = "Cython-3.0.12-cp313-cp313-manylinux_2_5_i686.manylinux1_i686.manylinux_2_17_i686.manylinux2014_i686.whl", hash = "sha256:36fcd584dae547de6f095500a380f4a0cce72b7a7e409e9ff03cb9beed6ac7a1"},
    {file = "Cython-3.0.12-cp313-cp313-musllinux_1_2_aarch64.whl", hash = "sha256:62b79dcc0de49efe9e84b9d0e2ae0a6fc9b14691a65565da727aa2e2e63c6a28"},
    {file = "Cython-3.0.12-cp313-cp313-musllinux_1_2_x86_64.whl", hash = "sha256:4aa255781b093a8401109d8f2104bbb2e52de7639d5896aefafddc85c30e0894"},
    {file = "Cython-3.0.12-cp313-cp313-win32.whl", hash = "sha256:77d48f2d4bab9fe1236eb753d18f03e8b2619af5b6f05d51df0532a92dfb38ab"},
    {file = "Cython-3.0.12-cp313-cp313-win_amd64.whl", hash = "sha256:86c304b20bd57c727c7357e90d5ba1a2b6f1c45492de2373814d7745ef2e63b4"},
    {file = "Cython-3.0.12-cp36-cp36m-macosx_10_9_x86_64.whl", hash = "sha256:ff5c0b6a65b08117d0534941d404833d516dac422eee88c6b4fd55feb409a5ed"},
    {file = "Cython-3.0.12-cp36-cp36m-manylinux_2_17_aarch64.manylinux2014_aarch64.whl", hash = "sha256:680f1d6ed4436ae94805db264d6155ed076d2835d84f20dcb31a7a3ad7f8668c"},
    {file = "Cython-3.0.12-cp36-cp36m-manylinux_2_17_x86_64.manylinux2014_x86_64.whl", hash = "sha256:ebc24609613fa06d0d896309f7164ba168f7e8d71c1e490ed2a08d23351c3f41"},
    {file = "Cython-3.0.12-cp36-cp36m-manylinux_2_5_i686.manylinux1_i686.manylinux_2_17_i686.manylinux2014_i686.whl", hash = "sha256:c1879c073e2b34924ce9b7ca64c212705dcc416af4337c45f371242b2e5f6d32"},
    {file = "Cython-3.0.12-cp36-cp36m-musllinux_1_2_aarch64.whl", hash = "sha256:bfb75123dd4ff767baa37d7036da0de2dfb6781ff256eef69b11b88b9a0691d1"},
    {file = "Cython-3.0.12-cp36-cp36m-musllinux_1_2_x86_64.whl", hash = "sha256:f39640f8df0400cde6882e23c734f15bb8196de0a008ae5dc6c8d1ec5957d7c8"},
    {file = "Cython-3.0.12-cp36-cp36m-win32.whl", hash = "sha256:8c9efe9a0895abee3cadfdad4130b30f7b5e57f6e6a51ef2a44f9fc66a913880"},
    {file = "Cython-3.0.12-cp36-cp36m-win_amd64.whl", hash = "sha256:63d840f2975e44d74512f8f34f1f7cb8121c9428e26a3f6116ff273deb5e60a2"},
    {file = "Cython-3.0.12-cp37-cp37m-macosx_10_9_x86_64.whl", hash = "sha256:75c5acd40b97cff16fadcf6901a91586cbca5dcdba81f738efaf1f4c6bc8dccb"},
    {file = "Cython-3.0.12-cp37-cp37m-manylinux_2_17_aarch64.manylinux2014_aarch64.whl", hash = "sha256:e62564457851db1c40399bd95a5346b9bb99e17a819bf583b362f418d8f3457a"},
    {file = "Cython-3.0.12-cp37-cp37m-manylinux_2_17_x86_64.manylinux2014_x86_64.whl", hash = "sha256:3ccd1228cc203b1f1b8a3d403f5a20ad1c40e5879b3fbf5851ce09d948982f2c"},
    {file = "Cython-3.0.12-cp37-cp37m-manylinux_2_5_i686.manylinux1_i686.manylinux_2_17_i686.manylinux2014_i686.whl", hash = "sha256:25529ee948f44d9a165ff960c49d4903267c20b5edf2df79b45924802e4cca6e"},
    {file = "Cython-3.0.12-cp37-cp37m-musllinux_1_2_aarch64.whl", hash = "sha256:90cf599372c5a22120609f7d3a963f17814799335d56dd0dcf8fe615980a8ae1"},
    {file = "Cython-3.0.12-cp37-cp37m-musllinux_1_2_x86_64.whl", hash = "sha256:9f8c48748a9c94ea5d59c26ab49ad0fad514d36f894985879cf3c3ca0e600bf4"},
    {file = "Cython-3.0.12-cp37-cp37m-win32.whl", hash = "sha256:3e4fa855d98bc7bd6a2049e0c7dc0dcf595e2e7f571a26e808f3efd84d2db374"},
    {file = "Cython-3.0.12-cp37-cp37m-win_amd64.whl", hash = "sha256:120681093772bf3600caddb296a65b352a0d3556e962b9b147efcfb8e8c9801b"},
    {file = "Cython-3.0.12-cp38-cp38-macosx_10_9_x86_64.whl", hash = "sha256:731d719423e041242c9303c80cae4327467299b90ffe62d4cc407e11e9ea3160"},
    {file = "Cython-3.0.12-cp38-cp38-manylinux_2_17_aarch64.manylinux2014_aarch64.whl", hash = "sha256:c3238a29f37999e27494d120983eca90d14896b2887a0bd858a381204549137a"},
    {file = "Cython-3.0.12-cp38-cp38-manylinux_2_17_x86_64.manylinux2014_x86_64.whl", hash = "sha256:b588c0a089a9f4dd316d2f9275230bad4a7271e5af04e1dc41d2707c816be44b"},
    {file = "Cython-3.0.12-cp38-cp38-manylinux_2_5_i686.manylinux1_i686.manylinux_2_17_i686.manylinux2014_i686.whl", hash = "sha256:8ab9f5198af74eb16502cc143cdde9ca1cbbf66ea2912e67440dd18a36e3b5fa"},
    {file = "Cython-3.0.12-cp38-cp38-musllinux_1_2_aarch64.whl", hash = "sha256:8ee841c0e114efa1e849c281ac9b8df8aa189af10b4a103b1c5fd71cbb799679"},
    {file = "Cython-3.0.12-cp38-cp38-musllinux_1_2_x86_64.whl", hash = "sha256:43c48b5789398b228ea97499f5b864843ba9b1ab837562a9227c6f58d16ede8b"},
    {file = "Cython-3.0.12-cp38-cp38-win32.whl", hash = "sha256:5e5f17c48a4f41557fbcc7ee660ccfebe4536a34c557f553b6893c1b3c83df2d"},
    {file = "Cython-3.0.12-cp38-cp38-win_amd64.whl", hash = "sha256:309c081057930bb79dc9ea3061a1af5086c679c968206e9c9c2ec90ab7cb471a"},
    {file = "Cython-3.0.12-cp39-cp39-macosx_10_9_x86_64.whl", hash = "sha256:54115fcc126840926ff3b53cfd2152eae17b3522ae7f74888f8a41413bd32f25"},
    {file = "Cython-3.0.12-cp39-cp39-manylinux_2_17_x86_64.manylinux2014_x86_64.whl", hash = "sha256:629db614b9c364596d7c975fa3fb3978e8c5349524353dbe11429896a783fc1e"},
    {file = "Cython-3.0.12-cp39-cp39-manylinux_2_5_i686.manylinux1_i686.manylinux_2_17_i686.manylinux2014_i686.whl", hash = "sha256:af081838b0f9e12a83ec4c3809a00a64c817f489f7c512b0e3ecaf5f90a2a816"},
    {file = "Cython-3.0.12-cp39-cp39-musllinux_1_2_aarch64.whl", hash = "sha256:34ce459808f7d8d5d4007bc5486fe50532529096b43957af6cbffcb4d9cc5c8d"},
    {file = "Cython-3.0.12-cp39-cp39-musllinux_1_2_x86_64.whl", hash = "sha256:d6c6cd6a75c8393e6805d17f7126b96a894f310a1a9ea91c47d141fb9341bfa8"},
    {file = "Cython-3.0.12-cp39-cp39-win32.whl", hash = "sha256:a4032e48d4734d2df68235d21920c715c451ac9de15fa14c71b378e8986b83be"},
    {file = "Cython-3.0.12-cp39-cp39-win_amd64.whl", hash = "sha256:dcdc3e5d4ce0e7a4af6903ed580833015641e968d18d528d8371e2435a34132c"},
    {file = "Cython-3.0.12-py2.py3-none-any.whl", hash = "sha256:0038c9bae46c459669390e53a1ec115f8096b2e4647ae007ff1bf4e6dee92806"},
    {file = "cython-3.0.12.tar.gz", hash = "sha256:b988bb297ce76c671e28c97d017b95411010f7c77fa6623dd0bb47eed1aee1bc"},
]

[[package]]
name = "greenlet"
version = "3.1.1"
description = "Lightweight in-process concurrent programming"
optional = false
python-versions = ">=3.7"
groups = ["main"]
markers = "platform_machine == \"aarch64\" or platform_machine == \"ppc64le\" or platform_machine == \"x86_64\" or platform_machine == \"amd64\" or platform_machine == \"AMD64\" or platform_machine == \"win32\" or platform_machine == \"WIN32\""
files = [
    {file = "greenlet-3.1.1-cp310-cp310-macosx_11_0_universal2.whl", hash = "sha256:0bbae94a29c9e5c7e4a2b7f0aae5c17e8e90acbfd3bf6270eeba60c39fce3563"},
    {file = "greenlet-3.1.1-cp310-cp310-manylinux_2_17_aarch64.manylinux2014_aarch64.whl", hash = "sha256:0fde093fb93f35ca72a556cf72c92ea3ebfda3d79fc35bb19fbe685853869a83"},
    {file = "greenlet-3.1.1-cp310-cp310-manylinux_2_17_ppc64le.manylinux2014_ppc64le.whl", hash = "sha256:36b89d13c49216cadb828db8dfa6ce86bbbc476a82d3a6c397f0efae0525bdd0"},
    {file = "greenlet-3.1.1-cp310-cp310-manylinux_2_17_s390x.manylinux2014_s390x.whl", hash = "sha256:94b6150a85e1b33b40b1464a3f9988dcc5251d6ed06842abff82e42632fac120"},
    {file = "greenlet-3.1.1-cp310-cp310-manylinux_2_17_x86_64.manylinux2014_x86_64.whl", hash = "sha256:93147c513fac16385d1036b7e5b102c7fbbdb163d556b791f0f11eada7ba65dc"},
    {file = "greenlet-3.1.1-cp310-cp310-manylinux_2_24_x86_64.manylinux_2_28_x86_64.whl", hash = "sha256:da7a9bff22ce038e19bf62c4dd1ec8391062878710ded0a845bcf47cc0200617"},
    {file = "greenlet-3.1.1-cp310-cp310-musllinux_1_1_aarch64.whl", hash = "sha256:b2795058c23988728eec1f36a4e5e4ebad22f8320c85f3587b539b9ac84128d7"},
    {file = "greenlet-3.1.1-cp310-cp310-musllinux_1_1_x86_64.whl", hash = "sha256:ed10eac5830befbdd0c32f83e8aa6288361597550ba669b04c48f0f9a2c843c6"},
    {file = "greenlet-3.1.1-cp310-cp310-win_amd64.whl", hash = "sha256:77c386de38a60d1dfb8e55b8c1101d68c79dfdd25c7095d51fec2dd800892b80"},
    {file = "greenlet-3.1.1-cp311-cp311-macosx_11_0_universal2.whl", hash = "sha256:e4d333e558953648ca09d64f13e6d8f0523fa705f51cae3f03b5983489958c70"},
    {file = "greenlet-3.1.1-cp311-cp311-manylinux_2_17_aarch64.manylinux2014_aarch64.whl", hash = "sha256:09fc016b73c94e98e29af67ab7b9a879c307c6731a2c9da0db5a7d9b7edd1159"},
    {file = "greenlet-3.1.1-cp311-cp311-manylinux_2_17_ppc64le.manylinux2014_ppc64le.whl", hash = "sha256:d5e975ca70269d66d17dd995dafc06f1b06e8cb1ec1e9ed54c1d1e4a7c4cf26e"},
    {file = "greenlet-3.1.1-cp311-cp311-manylinux_2_17_s390x.manylinux2014_s390x.whl", hash = "sha256:3b2813dc3de8c1ee3f924e4d4227999285fd335d1bcc0d2be6dc3f1f6a318ec1"},
    {file = "greenlet-3.1.1-cp311-cp311-manylinux_2_17_x86_64.manylinux2014_x86_64.whl", hash = "sha256:e347b3bfcf985a05e8c0b7d462ba6f15b1ee1c909e2dcad795e49e91b152c383"},
    {file = "greenlet-3.1.1-cp311-cp311-manylinux_2_24_x86_64.manylinux_2_28_x86_64.whl", hash = "sha256:9e8f8c9cb53cdac7ba9793c276acd90168f416b9ce36799b9b885790f8ad6c0a"},
    {file = "greenlet-3.1.1-cp311-cp311-musllinux_1_1_aarch64.whl", hash = "sha256:62ee94988d6b4722ce0028644418d93a52429e977d742ca2ccbe1c4f4a792511"},
    {file = "greenlet-3.1.1-cp311-cp311-musllinux_1_1_x86_64.whl", hash = "sha256:1776fd7f989fc6b8d8c8cb8da1f6b82c5814957264d1f6cf818d475ec2bf6395"},
    {file = "greenlet-3.1.1-cp311-cp311-win_amd64.whl", hash = "sha256:48ca08c771c268a768087b408658e216133aecd835c0ded47ce955381105ba39"},
    {file = "greenlet-3.1.1-cp312-cp312-macosx_11_0_universal2.whl", hash = "sha256:4afe7ea89de619adc868e087b4d2359282058479d7cfb94970adf4b55284574d"},
    {file = "greenlet-3.1.1-cp312-cp312-manylinux_2_17_aarch64.manylinux2014_aarch64.whl", hash = "sha256:f406b22b7c9a9b4f8aa9d2ab13d6ae0ac3e85c9a809bd590ad53fed2bf70dc79"},
    {file = "greenlet-3.1.1-cp312-cp312-manylinux_2_17_ppc64le.manylinux2014_ppc64le.whl", hash = "sha256:c3a701fe5a9695b238503ce5bbe8218e03c3bcccf7e204e455e7462d770268aa"},
    {file = "greenlet-3.1.1-cp312-cp312-manylinux_2_17_s390x.manylinux2014_s390x.whl", hash = "sha256:2846930c65b47d70b9d178e89c7e1a69c95c1f68ea5aa0a58646b7a96df12441"},
    {file = "greenlet-3.1.1-cp312-cp312-manylinux_2_17_x86_64.manylinux2014_x86_64.whl", hash = "sha256:99cfaa2110534e2cf3ba31a7abcac9d328d1d9f1b95beede58294a60348fba36"},
    {file = "greenlet-3.1.1-cp312-cp312-manylinux_2_24_x86_64.manylinux_2_28_x86_64.whl", hash = "sha256:1443279c19fca463fc33e65ef2a935a5b09bb90f978beab37729e1c3c6c25fe9"},
    {file = "greenlet-3.1.1-cp312-cp312-musllinux_1_1_aarch64.whl", hash = "sha256:b7cede291382a78f7bb5f04a529cb18e068dd29e0fb27376074b6d0317bf4dd0"},
    {file = "greenlet-3.1.1-cp312-cp312-musllinux_1_1_x86_64.whl", hash = "sha256:23f20bb60ae298d7d8656c6ec6db134bca379ecefadb0b19ce6f19d1f232a942"},
    {file = "greenlet-3.1.1-cp312-cp312-win_amd64.whl", hash = "sha256:7124e16b4c55d417577c2077be379514321916d5790fa287c9ed6f23bd2ffd01"},
    {file = "greenlet-3.1.1-cp313-cp313-macosx_11_0_universal2.whl", hash = "sha256:05175c27cb459dcfc05d026c4232f9de8913ed006d42713cb8a5137bd49375f1"},
    {file = "greenlet-3.1.1-cp313-cp313-manylinux_2_17_aarch64.manylinux2014_aarch64.whl", hash = "sha256:935e943ec47c4afab8965954bf49bfa639c05d4ccf9ef6e924188f762145c0ff"},
    {file = "greenlet-3.1.1-cp313-cp313-manylinux_2_17_ppc64le.manylinux2014_ppc64le.whl", hash = "sha256:667a9706c970cb552ede35aee17339a18e8f2a87a51fba2ed39ceeeb1004798a"},
    {file = "greenlet-3.1.1-cp313-cp313-manylinux_2_17_s390x.manylinux2014_s390x.whl", hash = "sha256:b8a678974d1f3aa55f6cc34dc480169d58f2e6d8958895d68845fa4ab566509e"},
    {file = "greenlet-3.1.1-cp313-cp313-manylinux_2_17_x86_64.manylinux2014_x86_64.whl", hash = "sha256:efc0f674aa41b92da8c49e0346318c6075d734994c3c4e4430b1c3f853e498e4"},
    {file = "greenlet-3.1.1-cp313-cp313-manylinux_2_24_x86_64.manylinux_2_28_x86_64.whl", hash = "sha256:0153404a4bb921f0ff1abeb5ce8a5131da56b953eda6e14b88dc6bbc04d2049e"},
    {file = "greenlet-3.1.1-cp313-cp313-musllinux_1_1_aarch64.whl", hash = "sha256:275f72decf9932639c1c6dd1013a1bc266438eb32710016a1c742df5da6e60a1"},
    {file = "greenlet-3.1.1-cp313-cp313-musllinux_1_1_x86_64.whl", hash = "sha256:c4aab7f6381f38a4b42f269057aee279ab0fc7bf2e929e3d4abfae97b682a12c"},
    {file = "greenlet-3.1.1-cp313-cp313-win_amd64.whl", hash = "sha256:b42703b1cf69f2aa1df7d1030b9d77d3e584a70755674d60e710f0af570f3761"},
    {file = "greenlet-3.1.1-cp313-cp313t-manylinux_2_17_aarch64.manylinux2014_aarch64.whl", hash = "sha256:f1695e76146579f8c06c1509c7ce4dfe0706f49c6831a817ac04eebb2fd02011"},
    {file = "greenlet-3.1.1-cp313-cp313t-manylinux_2_17_ppc64le.manylinux2014_ppc64le.whl", hash = "sha256:7876452af029456b3f3549b696bb36a06db7c90747740c5302f74a9e9fa14b13"},
    {file = "greenlet-3.1.1-cp313-cp313t-manylinux_2_17_s390x.manylinux2014_s390x.whl", hash = "sha256:4ead44c85f8ab905852d3de8d86f6f8baf77109f9da589cb4fa142bd3b57b475"},
    {file = "greenlet-3.1.1-cp313-cp313t-manylinux_2_17_x86_64.manylinux2014_x86_64.whl", hash = "sha256:8320f64b777d00dd7ccdade271eaf0cad6636343293a25074cc5566160e4de7b"},
    {file = "greenlet-3.1.1-cp313-cp313t-manylinux_2_24_x86_64.manylinux_2_28_x86_64.whl", hash = "sha256:6510bf84a6b643dabba74d3049ead221257603a253d0a9873f55f6a59a65f822"},
    {file = "greenlet-3.1.1-cp313-cp313t-musllinux_1_1_aarch64.whl", hash = "sha256:04b013dc07c96f83134b1e99888e7a79979f1a247e2a9f59697fa14b5862ed01"},
    {file = "greenlet-3.1.1-cp313-cp313t-musllinux_1_1_x86_64.whl", hash = "sha256:411f015496fec93c1c8cd4e5238da364e1da7a124bcb293f085bf2860c32c6f6"},
    {file = "greenlet-3.1.1-cp37-cp37m-manylinux_2_17_aarch64.manylinux2014_aarch64.whl", hash = "sha256:47da355d8687fd65240c364c90a31569a133b7b60de111c255ef5b606f2ae291"},
    {file = "greenlet-3.1.1-cp37-cp37m-manylinux_2_17_ppc64le.manylinux2014_ppc64le.whl", hash = "sha256:98884ecf2ffb7d7fe6bd517e8eb99d31ff7855a840fa6d0d63cd07c037f6a981"},
    {file = "greenlet-3.1.1-cp37-cp37m-manylinux_2_17_s390x.manylinux2014_s390x.whl", hash = "sha256:f1d4aeb8891338e60d1ab6127af1fe45def5259def8094b9c7e34690c8858803"},
    {file = "greenlet-3.1.1-cp37-cp37m-manylinux_2_17_x86_64.manylinux2014_x86_64.whl", hash = "sha256:db32b5348615a04b82240cc67983cb315309e88d444a288934ee6ceaebcad6cc"},
    {file = "greenlet-3.1.1-cp37-cp37m-manylinux_2_24_x86_64.manylinux_2_28_x86_64.whl", hash = "sha256:dcc62f31eae24de7f8dce72134c8651c58000d3b1868e01392baea7c32c247de"},
    {file = "greenlet-3.1.1-cp37-cp37m-musllinux_1_1_aarch64.whl", hash = "sha256:1d3755bcb2e02de341c55b4fca7a745a24a9e7212ac953f6b3a48d117d7257aa"},
    {file = "greenlet-3.1.1-cp37-cp37m-musllinux_1_1_x86_64.whl", hash = "sha256:b8da394b34370874b4572676f36acabac172602abf054cbc4ac910219f3340af"},
    {file = "greenlet-3.1.1-cp37-cp37m-win32.whl", hash = "sha256:a0dfc6c143b519113354e780a50381508139b07d2177cb6ad6a08278ec655798"},
    {file = "greenlet-3.1.1-cp37-cp37m-win_amd64.whl", hash = "sha256:54558ea205654b50c438029505def3834e80f0869a70fb15b871c29b4575ddef"},
    {file = "greenlet-3.1.1-cp38-cp38-macosx_11_0_universal2.whl", hash = "sha256:346bed03fe47414091be4ad44786d1bd8bef0c3fcad6ed3dee074a032ab408a9"},
    {file = "greenlet-3.1.1-cp38-cp38-manylinux_2_17_aarch64.manylinux2014_aarch64.whl", hash = "sha256:dfc59d69fc48664bc693842bd57acfdd490acafda1ab52c7836e3fc75c90a111"},
    {file = "greenlet-3.1.1-cp38-cp38-manylinux_2_17_ppc64le.manylinux2014_ppc64le.whl", hash = "sha256:d21e10da6ec19b457b82636209cbe2331ff4306b54d06fa04b7c138ba18c8a81"},
    {file = "greenlet-3.1.1-cp38-cp38-manylinux_2_17_s390x.manylinux2014_s390x.whl", hash = "sha256:37b9de5a96111fc15418819ab4c4432e4f3c2ede61e660b1e33971eba26ef9ba"},
    {file = "greenlet-3.1.1-cp38-cp38-manylinux_2_17_x86_64.manylinux2014_x86_64.whl", hash = "sha256:6ef9ea3f137e5711f0dbe5f9263e8c009b7069d8a1acea822bd5e9dae0ae49c8"},
    {file = "greenlet-3.1.1-cp38-cp38-manylinux_2_24_x86_64.manylinux_2_28_x86_64.whl", hash = "sha256:85f3ff71e2e60bd4b4932a043fbbe0f499e263c628390b285cb599154a3b03b1"},
    {file = "greenlet-3.1.1-cp38-cp38-musllinux_1_1_aarch64.whl", hash = "sha256:95ffcf719966dd7c453f908e208e14cde192e09fde6c7186c8f1896ef778d8cd"},
    {file = "greenlet-3.1.1-cp38-cp38-musllinux_1_1_x86_64.whl", hash = "sha256:03a088b9de532cbfe2ba2034b2b85e82df37874681e8c470d6fb2f8c04d7e4b7"},
    {file = "greenlet-3.1.1-cp38-cp38-win32.whl", hash = "sha256:8b8b36671f10ba80e159378df9c4f15c14098c4fd73a36b9ad715f057272fbef"},
    {file = "greenlet-3.1.1-cp38-cp38-win_amd64.whl", hash = "sha256:7017b2be767b9d43cc31416aba48aab0d2309ee31b4dbf10a1d38fb7972bdf9d"},
    {file = "greenlet-3.1.1-cp39-cp39-macosx_11_0_universal2.whl", hash = "sha256:396979749bd95f018296af156201d6211240e7a23090f50a8d5d18c370084dc3"},
    {file = "greenlet-3.1.1-cp39-cp39-manylinux_2_17_aarch64.manylinux2014_aarch64.whl", hash = "sha256:ca9d0ff5ad43e785350894d97e13633a66e2b50000e8a183a50a88d834752d42"},
    {file = "greenlet-3.1.1-cp39-cp39-manylinux_2_17_ppc64le.manylinux2014_ppc64le.whl", hash = "sha256:f6ff3b14f2df4c41660a7dec01045a045653998784bf8cfcb5a525bdffffbc8f"},
    {file = "greenlet-3.1.1-cp39-cp39-manylinux_2_17_s390x.manylinux2014_s390x.whl", hash = "sha256:94ebba31df2aa506d7b14866fed00ac141a867e63143fe5bca82a8e503b36437"},
    {file = "greenlet-3.1.1-cp39-cp39-manylinux_2_17_x86_64.manylinux2014_x86_64.whl", hash = "sha256:73aaad12ac0ff500f62cebed98d8789198ea0e6f233421059fa68a5aa7220145"},
    {file = "greenlet-3.1.1-cp39-cp39-manylinux_2_24_x86_64.manylinux_2_28_x86_64.whl", hash = "sha256:63e4844797b975b9af3a3fb8f7866ff08775f5426925e1e0bbcfe7932059a12c"},
    {file = "greenlet-3.1.1-cp39-cp39-musllinux_1_1_aarch64.whl", hash = "sha256:7939aa3ca7d2a1593596e7ac6d59391ff30281ef280d8632fa03d81f7c5f955e"},
    {file = "greenlet-3.1.1-cp39-cp39-musllinux_1_1_x86_64.whl", hash = "sha256:d0028e725ee18175c6e422797c407874da24381ce0690d6b9396c204c7f7276e"},
    {file = "greenlet-3.1.1-cp39-cp39-win32.whl", hash = "sha256:5e06afd14cbaf9e00899fae69b24a32f2196c19de08fcb9f4779dd4f004e5e7c"},
    {file = "greenlet-3.1.1-cp39-cp39-win_amd64.whl", hash = "sha256:3319aa75e0e0639bc15ff54ca327e8dc7a6fe404003496e3c6925cd3142e0e22"},
    {file = "greenlet-3.1.1.tar.gz", hash = "sha256:4ce3ac6cdb6adf7946475d7ef31777c26d94bccc377e070a7986bd2d5c515467"},
]

[package.extras]
docs = ["Sphinx", "furo"]
test = ["objgraph", "psutil"]

[[package]]
name = "numpy"
version = "2.2.3"
description = "Fundamental package for array computing in Python"
optional = false
python-versions = ">=3.10"
groups = ["main"]
files = [
    {file = "numpy-2.2.3-cp310-cp310-macosx_10_9_x86_64.whl", hash = "sha256:cbc6472e01952d3d1b2772b720428f8b90e2deea8344e854df22b0618e9cce71"},
    {file = "numpy-2.2.3-cp310-cp310-macosx_11_0_arm64.whl", hash = "sha256:cdfe0c22692a30cd830c0755746473ae66c4a8f2e7bd508b35fb3b6a0813d787"},
    {file = "numpy-2.2.3-cp310-cp310-macosx_14_0_arm64.whl", hash = "sha256:e37242f5324ffd9f7ba5acf96d774f9276aa62a966c0bad8dae692deebec7716"},
    {file = "numpy-2.2.3-cp310-cp310-macosx_14_0_x86_64.whl", hash = "sha256:95172a21038c9b423e68be78fd0be6e1b97674cde269b76fe269a5dfa6fadf0b"},
    {file = "numpy-2.2.3-cp310-cp310-manylinux_2_17_aarch64.manylinux2014_aarch64.whl", hash = "sha256:d5b47c440210c5d1d67e1cf434124e0b5c395eee1f5806fdd89b553ed1acd0a3"},
    {file = "numpy-2.2.3-cp310-cp310-manylinux_2_17_x86_64.manylinux2014_x86_64.whl", hash = "sha256:0391ea3622f5c51a2e29708877d56e3d276827ac5447d7f45e9bc4ade8923c52"},
    {file = "numpy-2.2.3-cp310-cp310-musllinux_1_2_aarch64.whl", hash = "sha256:f6b3dfc7661f8842babd8ea07e9897fe3d9b69a1d7e5fbb743e4160f9387833b"},
    {file = "numpy-2.2.3-cp310-cp310-musllinux_1_2_x86_64.whl", hash = "sha256:1ad78ce7f18ce4e7df1b2ea4019b5817a2f6a8a16e34ff2775f646adce0a5027"},
    {file = "numpy-2.2.3-cp310-cp310-win32.whl", hash = "sha256:5ebeb7ef54a7be11044c33a17b2624abe4307a75893c001a4800857956b41094"},
    {file = "numpy-2.2.3-cp310-cp310-win_amd64.whl", hash = "sha256:596140185c7fa113563c67c2e894eabe0daea18cf8e33851738c19f70ce86aeb"},
    {file = "numpy-2.2.3-cp311-cp311-macosx_10_9_x86_64.whl", hash = "sha256:16372619ee728ed67a2a606a614f56d3eabc5b86f8b615c79d01957062826ca8"},
    {file = "numpy-2.2.3-cp311-cp311-macosx_11_0_arm64.whl", hash = "sha256:5521a06a3148686d9269c53b09f7d399a5725c47bbb5b35747e1cb76326b714b"},
    {file = "numpy-2.2.3-cp311-cp311-macosx_14_0_arm64.whl", hash = "sha256:7c8dde0ca2f77828815fd1aedfdf52e59071a5bae30dac3b4da2a335c672149a"},
    {file = "numpy-2.2.3-cp311-cp311-macosx_14_0_x86_64.whl", hash = "sha256:77974aba6c1bc26e3c205c2214f0d5b4305bdc719268b93e768ddb17e3fdd636"},
    {file = "numpy-2.2.3-cp311-cp311-manylinux_2_17_aarch64.manylinux2014_aarch64.whl", hash = "sha256:d42f9c36d06440e34226e8bd65ff065ca0963aeecada587b937011efa02cdc9d"},
    {file = "numpy-2.2.3-cp311-cp311-manylinux_2_17_x86_64.manylinux2014_x86_64.whl", hash = "sha256:f2712c5179f40af9ddc8f6727f2bd910ea0eb50206daea75f58ddd9fa3f715bb"},
    {file = "numpy-2.2.3-cp311-cp311-musllinux_1_2_aarch64.whl", hash = "sha256:c8b0451d2ec95010d1db8ca733afc41f659f425b7f608af569711097fd6014e2"},
    {file = "numpy-2.2.3-cp311-cp311-musllinux_1_2_x86_64.whl", hash = "sha256:d9b4a8148c57ecac25a16b0e11798cbe88edf5237b0df99973687dd866f05e1b"},
    {file = "numpy-2.2.3-cp311-cp311-win32.whl", hash = "sha256:1f45315b2dc58d8a3e7754fe4e38b6fce132dab284a92851e41b2b344f6441c5"},
    {file = "numpy-2.2.3-cp311-cp311-win_amd64.whl", hash = "sha256:9f48ba6f6c13e5e49f3d3efb1b51c8193215c42ac82610a04624906a9270be6f"},
    {file = "numpy-2.2.3-cp312-cp312-macosx_10_13_x86_64.whl", hash = "sha256:12c045f43b1d2915eca6b880a7f4a256f59d62df4f044788c8ba67709412128d"},
    {file = "numpy-2.2.3-cp312-cp312-macosx_11_0_arm64.whl", hash = "sha256:87eed225fd415bbae787f93a457af7f5990b92a334e346f72070bf569b9c9c95"},
    {file = "numpy-2.2.3-cp312-cp312-macosx_14_0_arm64.whl", hash = "sha256:712a64103d97c404e87d4d7c47fb0c7ff9acccc625ca2002848e0d53288b90ea"},
    {file = "numpy-2.2.3-cp312-cp312-macosx_14_0_x86_64.whl", hash = "sha256:a5ae282abe60a2db0fd407072aff4599c279bcd6e9a2475500fc35b00a57c532"},
    {file = "numpy-2.2.3-cp312-cp312-manylinux_2_17_aarch64.manylinux2014_aarch64.whl", hash = "sha256:5266de33d4c3420973cf9ae3b98b54a2a6d53a559310e3236c4b2b06b9c07d4e"},
    {file = "numpy-2.2.3-cp312-cp312-manylinux_2_17_x86_64.manylinux2014_x86_64.whl", hash = "sha256:3b787adbf04b0db1967798dba8da1af07e387908ed1553a0d6e74c084d1ceafe"},
    {file = "numpy-2.2.3-cp312-cp312-musllinux_1_2_aarch64.whl", hash = "sha256:34c1b7e83f94f3b564b35f480f5652a47007dd91f7c839f404d03279cc8dd021"},
    {file = "numpy-2.2.3-cp312-cp312-musllinux_1_2_x86_64.whl", hash = "sha256:4d8335b5f1b6e2bce120d55fb17064b0262ff29b459e8493d1785c18ae2553b8"},
    {file = "numpy-2.2.3-cp312-cp312-win32.whl", hash = "sha256:4d9828d25fb246bedd31e04c9e75714a4087211ac348cb39c8c5f99dbb6683fe"},
    {file = "numpy-2.2.3-cp312-cp312-win_amd64.whl", hash = "sha256:83807d445817326b4bcdaaaf8e8e9f1753da04341eceec705c001ff342002e5d"},
    {file = "numpy-2.2.3-cp313-cp313-macosx_10_13_x86_64.whl", hash = "sha256:7bfdb06b395385ea9b91bf55c1adf1b297c9fdb531552845ff1d3ea6e40d5aba"},
    {file = "numpy-2.2.3-cp313-cp313-macosx_11_0_arm64.whl", hash = "sha256:23c9f4edbf4c065fddb10a4f6e8b6a244342d95966a48820c614891e5059bb50"},
    {file = "numpy-2.2.3-cp313-cp313-macosx_14_0_arm64.whl", hash = "sha256:a0c03b6be48aaf92525cccf393265e02773be8fd9551a2f9adbe7db1fa2b60f1"},
    {file = "numpy-2.2.3-cp313-cp313-macosx_14_0_x86_64.whl", hash = "sha256:2376e317111daa0a6739e50f7ee2a6353f768489102308b0d98fcf4a04f7f3b5"},
    {file = "numpy-2.2.3-cp313-cp313-manylinux_2_17_aarch64.manylinux2014_aarch64.whl", hash = "sha256:8fb62fe3d206d72fe1cfe31c4a1106ad2b136fcc1606093aeab314f02930fdf2"},
    {file = "numpy-2.2.3-cp313-cp313-manylinux_2_17_x86_64.manylinux2014_x86_64.whl", hash = "sha256:52659ad2534427dffcc36aac76bebdd02b67e3b7a619ac67543bc9bfe6b7cdb1"},
    {file = "numpy-2.2.3-cp313-cp313-musllinux_1_2_aarch64.whl", hash = "sha256:1b416af7d0ed3271cad0f0a0d0bee0911ed7eba23e66f8424d9f3dfcdcae1304"},
    {file = "numpy-2.2.3-cp313-cp313-musllinux_1_2_x86_64.whl", hash = "sha256:1402da8e0f435991983d0a9708b779f95a8c98c6b18a171b9f1be09005e64d9d"},
    {file = "numpy-2.2.3-cp313-cp313-win32.whl", hash = "sha256:136553f123ee2951bfcfbc264acd34a2fc2f29d7cdf610ce7daf672b6fbaa693"},
    {file = "numpy-2.2.3-cp313-cp313-win_amd64.whl", hash = "sha256:5b732c8beef1d7bc2d9e476dbba20aaff6167bf205ad9aa8d30913859e82884b"},
    {file = "numpy-2.2.3-cp313-cp313t-macosx_10_13_x86_64.whl", hash = "sha256:435e7a933b9fda8126130b046975a968cc2d833b505475e588339e09f7672890"},
    {file = "numpy-2.2.3-cp313-cp313t-macosx_11_0_arm64.whl", hash = "sha256:7678556eeb0152cbd1522b684dcd215250885993dd00adb93679ec3c0e6e091c"},
    {file = "numpy-2.2.3-cp313-cp313t-macosx_14_0_arm64.whl", hash = "sha256:2e8da03bd561504d9b20e7a12340870dfc206c64ea59b4cfee9fceb95070ee94"},
    {file = "numpy-2.2.3-cp313-cp313t-macosx_14_0_x86_64.whl", hash = "sha256:c9aa4496fd0e17e3843399f533d62857cef5900facf93e735ef65aa4bbc90ef0"},
    {file = "numpy-2.2.3-cp313-cp313t-manylinux_2_17_aarch64.manylinux2014_aarch64.whl", hash = "sha256:f4ca91d61a4bf61b0f2228f24bbfa6a9facd5f8af03759fe2a655c50ae2c6610"},
    {file = "numpy-2.2.3-cp313-cp313t-manylinux_2_17_x86_64.manylinux2014_x86_64.whl", hash = "sha256:deaa09cd492e24fd9b15296844c0ad1b3c976da7907e1c1ed3a0ad21dded6f76"},
    {file = "numpy-2.2.3-cp313-cp313t-musllinux_1_2_aarch64.whl", hash = "sha256:246535e2f7496b7ac85deffe932896a3577be7af8fb7eebe7146444680297e9a"},
    {file = "numpy-2.2.3-cp313-cp313t-musllinux_1_2_x86_64.whl", hash = "sha256:daf43a3d1ea699402c5a850e5313680ac355b4adc9770cd5cfc2940e7861f1bf"},
    {file = "numpy-2.2.3-cp313-cp313t-win32.whl", hash = "sha256:cf802eef1f0134afb81fef94020351be4fe1d6681aadf9c5e862af6602af64ef"},
    {file = "numpy-2.2.3-cp313-cp313t-win_amd64.whl", hash = "sha256:aee2512827ceb6d7f517c8b85aa5d3923afe8fc7a57d028cffcd522f1c6fd082"},
    {file = "numpy-2.2.3-pp310-pypy310_pp73-macosx_10_15_x86_64.whl", hash = "sha256:3c2ec8a0f51d60f1e9c0c5ab116b7fc104b165ada3f6c58abf881cb2eb16044d"},
    {file = "numpy-2.2.3-pp310-pypy310_pp73-macosx_14_0_x86_64.whl", hash = "sha256:ed2cf9ed4e8ebc3b754d398cba12f24359f018b416c380f577bbae112ca52fc9"},
    {file = "numpy-2.2.3-pp310-pypy310_pp73-manylinux_2_17_x86_64.manylinux2014_x86_64.whl", hash = "sha256:39261798d208c3095ae4f7bc8eaeb3481ea8c6e03dc48028057d3cbdbdb8937e"},
    {file = "numpy-2.2.3-pp310-pypy310_pp73-win_amd64.whl", hash = "sha256:783145835458e60fa97afac25d511d00a1eca94d4a8f3ace9fe2043003c678e4"},
    {file = "numpy-2.2.3.tar.gz", hash = "sha256:dbdc15f0c81611925f382dfa97b3bd0bc2c1ce19d4fe50482cb0ddc12ba30020"},
]

[[package]]
name = "pytz"
version = "2020.5"
description = "World timezone definitions, modern and historical"
optional = false
python-versions = "*"
groups = ["main"]
files = [
    {file = "pytz-2020.5-py2.py3-none-any.whl", hash = "sha256:16962c5fb8db4a8f63a26646d8886e9d769b6c511543557bc84e9569fb9a9cb4"},
    {file = "pytz-2020.5.tar.gz", hash = "sha256:180befebb1927b16f6b57101720075a984c019ac16b1b7575673bea42c6c3da5"},
]

[[package]]
name = "sqlalchemy"
version = "1.4.51"
description = "Database Abstraction Library"
optional = false
python-versions = "!=3.0.*,!=3.1.*,!=3.2.*,!=3.3.*,!=3.4.*,!=3.5.*,>=2.7"
groups = ["main"]
files = [
    {file = "SQLAlchemy-1.4.51-cp310-cp310-macosx_11_0_x86_64.whl", hash = "sha256:1a09d5bd1a40d76ad90e5570530e082ddc000e1d92de495746f6257dc08f166b"},
    {file = "SQLAlchemy-1.4.51-cp310-cp310-manylinux_2_17_aarch64.manylinux2014_aarch64.whl", hash = "sha256:2be4e6294c53f2ec8ea36486b56390e3bcaa052bf3a9a47005687ccf376745d1"},
    {file = "SQLAlchemy-1.4.51-cp310-cp310-manylinux_2_5_x86_64.manylinux1_x86_64.manylinux_2_12_x86_64.manylinux2010_x86_64.manylinux_2_17_x86_64.manylinux2014_x86_64.whl", hash = "sha256:8ca484ca11c65e05639ffe80f20d45e6be81fbec7683d6c9a15cd421e6e8b340"},
    {file = "SQLAlchemy-1.4.51-cp310-cp310-manylinux_2_5_x86_64.manylinux1_x86_64.manylinux_2_12_x86_64.manylinux2010_x86_64.whl", hash = "sha256:0535d5b57d014d06ceeaeffd816bb3a6e2dddeb670222570b8c4953e2d2ea678"},
    {file = "SQLAlchemy-1.4.51-cp310-cp310-manylinux_2_5_x86_64.manylinux1_x86_64.manylinux_2_17_x86_64.manylinux2014_x86_64.whl", hash = "sha256:af55cc207865d641a57f7044e98b08b09220da3d1b13a46f26487cc2f898a072"},
    {file = "SQLAlchemy-1.4.51-cp310-cp310-win32.whl", hash = "sha256:7af40425ac535cbda129d9915edcaa002afe35d84609fd3b9d6a8c46732e02ee"},
    {file = "SQLAlchemy-1.4.51-cp310-cp310-win_amd64.whl", hash = "sha256:8d1d7d63e5d2f4e92a39ae1e897a5d551720179bb8d1254883e7113d3826d43c"},
    {file = "SQLAlchemy-1.4.51-cp311-cp311-macosx_10_9_universal2.whl", hash = "sha256:eaeeb2464019765bc4340214fca1143081d49972864773f3f1e95dba5c7edc7d"},
    {file = "SQLAlchemy-1.4.51-cp311-cp311-manylinux_2_17_aarch64.manylinux2014_aarch64.whl", hash = "sha256:7deeae5071930abb3669b5185abb6c33ddfd2398f87660fafdb9e6a5fb0f3f2f"},
    {file = "SQLAlchemy-1.4.51-cp311-cp311-manylinux_2_5_x86_64.manylinux1_x86_64.manylinux_2_17_x86_64.manylinux2014_x86_64.whl", hash = "sha256:0892e7ac8bc76da499ad3ee8de8da4d7905a3110b952e2a35a940dab1ffa550e"},
    {file = "SQLAlchemy-1.4.51-cp311-cp311-win32.whl", hash = "sha256:50e074aea505f4427151c286955ea025f51752fa42f9939749336672e0674c81"},
    {file = "SQLAlchemy-1.4.51-cp311-cp311-win_amd64.whl", hash = "sha256:3b0cd89a7bd03f57ae58263d0f828a072d1b440c8c2949f38f3b446148321171"},
    {file = "SQLAlchemy-1.4.51-cp312-cp312-macosx_10_9_universal2.whl", hash = "sha256:a33cb3f095e7d776ec76e79d92d83117438b6153510770fcd57b9c96f9ef623d"},
    {file = "SQLAlchemy-1.4.51-cp312-cp312-manylinux_2_17_aarch64.manylinux2014_aarch64.whl", hash = "sha256:6cacc0b2dd7d22a918a9642fc89840a5d3cee18a0e1fe41080b1141b23b10916"},
    {file = "SQLAlchemy-1.4.51-cp312-cp312-manylinux_2_5_x86_64.manylinux1_x86_64.manylinux_2_17_x86_64.manylinux2014_x86_64.whl", hash = "sha256:245c67c88e63f1523e9216cad6ba3107dea2d3ee19adc359597a628afcabfbcb"},
    {file = "SQLAlchemy-1.4.51-cp312-cp312-win32.whl", hash = "sha256:8e702e7489f39375601c7ea5a0bef207256828a2bc5986c65cb15cd0cf097a87"},
    {file = "SQLAlchemy-1.4.51-cp312-cp312-win_amd64.whl", hash = "sha256:0525c4905b4b52d8ccc3c203c9d7ab2a80329ffa077d4bacf31aefda7604dc65"},
    {file = "SQLAlchemy-1.4.51-cp36-cp36m-macosx_10_14_x86_64.whl", hash = "sha256:1980e6eb6c9be49ea8f89889989127daafc43f0b1b6843d71efab1514973cca0"},
    {file = "SQLAlchemy-1.4.51-cp36-cp36m-manylinux_2_17_aarch64.manylinux2014_aarch64.whl", hash = "sha256:3ec7a0ed9b32afdf337172678a4a0e6419775ba4e649b66f49415615fa47efbd"},
    {file = "SQLAlchemy-1.4.51-cp36-cp36m-manylinux_2_5_x86_64.manylinux1_x86_64.manylinux_2_12_x86_64.manylinux2010_x86_64.manylinux_2_17_x86_64.manylinux2014_x86_64.whl", hash = "sha256:352df882088a55293f621328ec33b6ffca936ad7f23013b22520542e1ab6ad1b"},
    {file = "SQLAlchemy-1.4.51-cp36-cp36m-manylinux_2_5_x86_64.manylinux1_x86_64.manylinux_2_12_x86_64.manylinux2010_x86_64.whl", hash = "sha256:86a22143a4001f53bf58027b044da1fb10d67b62a785fc1390b5c7f089d9838c"},
    {file = "SQLAlchemy-1.4.51-cp36-cp36m-manylinux_2_5_x86_64.manylinux1_x86_64.manylinux_2_17_x86_64.manylinux2014_x86_64.whl", hash = "sha256:c37bc677690fd33932182b85d37433845de612962ed080c3e4d92f758d1bd894"},
    {file = "SQLAlchemy-1.4.51-cp36-cp36m-win32.whl", hash = "sha256:d0a83afab5e062abffcdcbcc74f9d3ba37b2385294dd0927ad65fc6ebe04e054"},
    {file = "SQLAlchemy-1.4.51-cp36-cp36m-win_amd64.whl", hash = "sha256:a61184c7289146c8cff06b6b41807c6994c6d437278e72cf00ff7fe1c7a263d1"},
    {file = "SQLAlchemy-1.4.51-cp37-cp37m-macosx_11_0_x86_64.whl", hash = "sha256:3f0ef620ecbab46e81035cf3dedfb412a7da35340500ba470f9ce43a1e6c423b"},
    {file = "SQLAlchemy-1.4.51-cp37-cp37m-manylinux_2_17_aarch64.manylinux2014_aarch64.whl", hash = "sha256:2c55040d8ea65414de7c47f1a23823cd9f3fad0dc93e6b6b728fee81230f817b"},
    {file = "SQLAlchemy-1.4.51-cp37-cp37m-manylinux_2_5_x86_64.manylinux1_x86_64.manylinux_2_12_x86_64.manylinux2010_x86_64.manylinux_2_17_x86_64.manylinux2014_x86_64.whl", hash = "sha256:38ef80328e3fee2be0a1abe3fe9445d3a2e52a1282ba342d0dab6edf1fef4707"},
    {file = "SQLAlchemy-1.4.51-cp37-cp37m-manylinux_2_5_x86_64.manylinux1_x86_64.manylinux_2_12_x86_64.manylinux2010_x86_64.whl", hash = "sha256:f8cafa6f885a0ff5e39efa9325195217bb47d5929ab0051636610d24aef45ade"},
    {file = "SQLAlchemy-1.4.51-cp37-cp37m-manylinux_2_5_x86_64.manylinux1_x86_64.manylinux_2_17_x86_64.manylinux2014_x86_64.whl", hash = "sha256:e8f2df79a46e130235bc5e1bbef4de0583fb19d481eaa0bffa76e8347ea45ec6"},
    {file = "SQLAlchemy-1.4.51-cp37-cp37m-win32.whl", hash = "sha256:f2e5b6f5cf7c18df66d082604a1d9c7a2d18f7d1dbe9514a2afaccbb51cc4fc3"},
    {file = "SQLAlchemy-1.4.51-cp37-cp37m-win_amd64.whl", hash = "sha256:5e180fff133d21a800c4f050733d59340f40d42364fcb9d14f6a67764bdc48d2"},
    {file = "SQLAlchemy-1.4.51-cp38-cp38-macosx_11_0_x86_64.whl", hash = "sha256:7d8139ca0b9f93890ab899da678816518af74312bb8cd71fb721436a93a93298"},
    {file = "SQLAlchemy-1.4.51-cp38-cp38-manylinux_2_17_aarch64.manylinux2014_aarch64.whl", hash = "sha256:eb18549b770351b54e1ab5da37d22bc530b8bfe2ee31e22b9ebe650640d2ef12"},
    {file = "SQLAlchemy-1.4.51-cp38-cp38-manylinux_2_5_x86_64.manylinux1_x86_64.manylinux_2_12_x86_64.manylinux2010_x86_64.manylinux_2_17_x86_64.manylinux2014_x86_64.whl", hash = "sha256:55e699466106d09f028ab78d3c2e1f621b5ef2c8694598242259e4515715da7c"},
    {file = "SQLAlchemy-1.4.51-cp38-cp38-manylinux_2_5_x86_64.manylinux1_x86_64.manylinux_2_12_x86_64.manylinux2010_x86_64.whl", hash = "sha256:2ad16880ccd971ac8e570550fbdef1385e094b022d6fc85ef3ce7df400dddad3"},
    {file = "SQLAlchemy-1.4.51-cp38-cp38-manylinux_2_5_x86_64.manylinux1_x86_64.manylinux_2_17_x86_64.manylinux2014_x86_64.whl", hash = "sha256:b97fd5bb6b7c1a64b7ac0632f7ce389b8ab362e7bd5f60654c2a418496be5d7f"},
    {file = "SQLAlchemy-1.4.51-cp38-cp38-win32.whl", hash = "sha256:cecb66492440ae8592797dd705a0cbaa6abe0555f4fa6c5f40b078bd2740fc6b"},
    {file = "SQLAlchemy-1.4.51-cp38-cp38-win_amd64.whl", hash = "sha256:39b02b645632c5fe46b8dd30755682f629ffbb62ff317ecc14c998c21b2896ff"},
    {file = "SQLAlchemy-1.4.51-cp39-cp39-macosx_11_0_x86_64.whl", hash = "sha256:b03850c290c765b87102959ea53299dc9addf76ca08a06ea98383348ae205c99"},
    {file = "SQLAlchemy-1.4.51-cp39-cp39-manylinux_2_17_aarch64.manylinux2014_aarch64.whl", hash = "sha256:e646b19f47d655261b22df9976e572f588185279970efba3d45c377127d35349"},
    {file = "SQLAlchemy-1.4.51-cp39-cp39-manylinux_2_5_x86_64.manylinux1_x86_64.manylinux_2_12_x86_64.manylinux2010_x86_64.manylinux_2_17_x86_64.manylinux2014_x86_64.whl", hash = "sha256:d3cf56cc36d42908495760b223ca9c2c0f9f0002b4eddc994b24db5fcb86a9e4"},
    {file = "SQLAlchemy-1.4.51-cp39-cp39-manylinux_2_5_x86_64.manylinux1_x86_64.manylinux_2_12_x86_64.manylinux2010_x86_64.whl", hash = "sha256:0d661cff58c91726c601cc0ee626bf167b20cc4d7941c93c5f3ac28dc34ddbea"},
    {file = "SQLAlchemy-1.4.51-cp39-cp39-manylinux_2_5_x86_64.manylinux1_x86_64.manylinux_2_17_x86_64.manylinux2014_x86_64.whl", hash = "sha256:3823dda635988e6744d4417e13f2e2b5fe76c4bf29dd67e95f98717e1b094cad"},
    {file = "SQLAlchemy-1.4.51-cp39-cp39-win32.whl", hash = "sha256:b00cf0471888823b7a9f722c6c41eb6985cf34f077edcf62695ac4bed6ec01ee"},
    {file = "SQLAlchemy-1.4.51-cp39-cp39-win_amd64.whl", hash = "sha256:a055ba17f4675aadcda3005df2e28a86feb731fdcc865e1f6b4f209ed1225cba"},
    {file = "SQLAlchemy-1.4.51.tar.gz", hash = "sha256:e7908c2025eb18394e32d65dd02d2e37e17d733cdbe7d78231c2b6d7eb20cdb9"},
]

[package.dependencies]
greenlet = {version = "!=0.4.17", markers = "python_version >= \"3\" and (platform_machine == \"aarch64\" or platform_machine == \"ppc64le\" or platform_machine == \"x86_64\" or platform_machine == \"amd64\" or platform_machine == \"AMD64\" or platform_machine == \"win32\" or platform_machine == \"WIN32\")"}

[package.extras]
aiomysql = ["aiomysql (>=0.2.0) ; python_version >= \"3\"", "greenlet (!=0.4.17) ; python_version >= \"3\""]
aiosqlite = ["aiosqlite ; python_version >= \"3\"", "greenlet (!=0.4.17) ; python_version >= \"3\"", "typing_extensions (!=3.10.0.1)"]
asyncio = ["greenlet (!=0.4.17) ; python_version >= \"3\""]
asyncmy = ["asyncmy (>=0.2.3,!=0.2.4) ; python_version >= \"3\"", "greenlet (!=0.4.17) ; python_version >= \"3\""]
mariadb-connector = ["mariadb (>=1.0.1,!=1.1.2) ; python_version >= \"3\""]
mssql = ["pyodbc"]
mssql-pymssql = ["pymssql"]
mssql-pyodbc = ["pyodbc"]
mypy = ["mypy (>=0.910) ; python_version >= \"3\"", "sqlalchemy2-stubs"]
mysql = ["mysqlclient (>=1.4.0) ; python_version >= \"3\"", "mysqlclient (>=1.4.0,<2) ; python_version < \"3\""]
mysql-connector = ["mysql-connector-python"]
oracle = ["cx_oracle (>=7) ; python_version >= \"3\"", "cx_oracle (>=7,<8) ; python_version < \"3\""]
postgresql = ["psycopg2 (>=2.7)"]
postgresql-asyncpg = ["asyncpg ; python_version >= \"3\"", "greenlet (!=0.4.17) ; python_version >= \"3\""]
postgresql-pg8000 = ["pg8000 (>=1.16.6,!=1.29.0)"]
postgresql-psycopg2binary = ["psycopg2-binary"]
postgresql-psycopg2cffi = ["psycopg2cffi"]
pymysql = ["pymysql (<1) ; python_version < \"3\"", "pymysql ; python_version >= \"3\""]
sqlcipher = ["sqlcipher3_binary ; python_version >= \"3\""]

[[package]]
name = "typer"
version = "0.3.2"
description = "Typer, build great CLIs. Easy to code. Based on Python type hints."
optional = false
python-versions = ">=3.6"
groups = ["main"]
files = [
    {file = "typer-0.3.2-py3-none-any.whl", hash = "sha256:ba58b920ce851b12a2d790143009fa00ac1d05b3ff3257061ff69dbdfc3d161b"},
    {file = "typer-0.3.2.tar.gz", hash = "sha256:5455d750122cff96745b0dec87368f56d023725a7ebc9d2e54dd23dc86816303"},
]

[package.dependencies]
click = ">=7.1.1,<7.2.0"

[package.extras]
all = ["colorama (>=0.4.3,<0.5.0)", "shellingham (>=1.3.0,<2.0.0)"]
dev = ["autoflake (>=1.3.1,<2.0.0)", "flake8 (>=3.8.3,<4.0.0)"]
doc = ["markdown-include (>=0.5.1,<0.6.0)", "mkdocs (>=1.1.2,<2.0.0)", "mkdocs-material (>=5.4.0,<6.0.0)"]
test = ["black (>=19.10b0,<20.0b0)", "coverage (>=5.2,<6.0)", "isort (>=5.0.6,<6.0.0)", "mypy (==0.782)", "pytest (>=4.4.0,<5.4.0)", "pytest-cov (>=2.10.0,<3.0.0)", "pytest-sugar (>=0.9.4,<0.10.0)", "pytest-xdist (>=1.32.0,<2.0.0)", "shellingham (>=1.3.0,<2.0.0)"]

[metadata]
lock-version = "2.1"
python-versions = ">=3.10"
content-hash = "7d5ba51becdba0dafecadec055505781a431511e877a7cd9584165f56e9cebf0"
